// !$*UTF8*$!
{
	archiveVersion = 1;
	classes = {
	};
	objectVersion = 60;
	objects = {

/* Begin PBXBuildFile section */
		050E6A1D8D90DF1515ABDC18 /* InstrumentSerif-Italic.ttf in Resources */ = {isa = PBXBuildFile; fileRef = 518C1F47CD476565000F8137 /* InstrumentSerif-Italic.ttf */; };
		06F40B34C571F4B6469E2FA5 /* SmartPhotoSelectionFlowTests.swift in Sources */ = {isa = PBXBuildFile; fileRef = A5D6F0320E51D07035AA4F6F /* SmartPhotoSelectionFlowTests.swift */; };
		09B1F1C72A1A53AB9455EAD4 /* SmartPhotoSelectionViews.swift in Sources */ = {isa = PBXBuildFile; fileRef = DD4F8BD3DADE8F267D386287 /* SmartPhotoSelectionViews.swift */; };
		0D9165FC8230402EBA050B06 /* TripReelModel.swift in Sources */ = {isa = PBXBuildFile; fileRef = 9953289207A8CC41C9A61899 /* TripReelModel.swift */; };
		1514F12B69FCFDE789641AA1 /* CloudAnalysisConsentView.swift in Sources */ = {isa = PBXBuildFile; fileRef = 27E1E22E0738530EFCE94C6C /* CloudAnalysisConsentView.swift */; };
		17CE2AED3A602FAC46DB2BD2 /* PrivacyInfo.xcprivacy in Resources */ = {isa = PBXBuildFile; fileRef = A073A98B449C0C783CAAFC66 /* PrivacyInfo.xcprivacy */; };
		227F5E70D7D246E93845E4BE /* TripGrouping.swift in Sources */ = {isa = PBXBuildFile; fileRef = 7194E4A2C8B47C5747EA43C1 /* TripGrouping.swift */; };
		4031D0983D8C7D2B129FB59C /* ManualPhotoImportService.swift in Sources */ = {isa = PBXBuildFile; fileRef = 2257B61BB25B85B34BF9CB46 /* ManualPhotoImportService.swift */; };
		51915F88844C5B47A6714A9C /* TripReelTheme.swift in Sources */ = {isa = PBXBuildFile; fileRef = E05554B9C707378C118B13B3 /* TripReelTheme.swift */; };
		52829295ED1DCF082643BEBF /* TripGroupingTests.swift in Sources */ = {isa = PBXBuildFile; fileRef = 7CD7D09C961CEBCBCF6B1700 /* TripGroupingTests.swift */; };
		565DE7925AF830761E4BA950 /* CloudPhotoAnalysisTests.swift in Sources */ = {isa = PBXBuildFile; fileRef = A35C1A3C46684F9B1761B266 /* CloudPhotoAnalysisTests.swift */; };
		5EB0FD17C0576C8C5A2093A5 /* InstrumentSerif-Regular.ttf in Resources */ = {isa = PBXBuildFile; fileRef = 0A4DD0217C602F175EF78D21 /* InstrumentSerif-Regular.ttf */; };
		620D9360A3BE52F5BBAA11F6 /* ExportScreens.swift in Sources */ = {isa = PBXBuildFile; fileRef = 6165CA0D4738C8E8C6A326CA /* ExportScreens.swift */; };
		637614BC5AAACF420A388D9A /* NativePhotoIntelligenceService.swift in Sources */ = {isa = PBXBuildFile; fileRef = 06EE510F98A67B1A8E8D95C9 /* NativePhotoIntelligenceService.swift */; };
		74E441749C03F40346684D17 /* Foundation.framework in Frameworks */ = {isa = PBXBuildFile; fileRef = A05DBA13DDE89A223BF74084 /* Foundation.framework */; };
		7D01F96D74767B9D8EFF5D96 /* TripReelPrivacyPolicyView.swift in Sources */ = {isa = PBXBuildFile; fileRef = 43F94729E331BA0045BE79EB /* TripReelPrivacyPolicyView.swift */; };
		82E6B110F8E44D0475A1B1E7 /* SharedViews.swift in Sources */ = {isa = PBXBuildFile; fileRef = 4E0CF58F9757D40B4B8B93E4 /* SharedViews.swift */; };
		87E1A116F52854E2874D925E /* SmartPhotoSelection.swift in Sources */ = {isa = PBXBuildFile; fileRef = 40C85D6FCCEAAF47992BC710 /* SmartPhotoSelection.swift */; };
		89A96196B16384BAC32665A0 /* OnboardingScreens.swift in Sources */ = {isa = PBXBuildFile; fileRef = 56BDE4FB9B5D77BC3D117A7B /* OnboardingScreens.swift */; };
		9E9C852C42DD0DBD4A75EF20 /* TripScreens.swift in Sources */ = {isa = PBXBuildFile; fileRef = 5353217E4A466EC5AB24FEDF /* TripScreens.swift */; };
		A1B2C3D4E5F60718293A4B01 /* RevenueCat in Frameworks */ = {isa = PBXBuildFile; productRef = A1B2C3D4E5F60718293A4B05 /* RevenueCat */; };
		A1B2C3D4E5F60718293A4B02 /* RevenueCatPurchaseService.swift in Sources */ = {isa = PBXBuildFile; fileRef = A1B2C3D4E5F60718293A4B03 /* RevenueCatPurchaseService.swift */; };
		AA77E57B589C4DE4A6A97102 /* AppAttestCloudPhotoAnalysisAuthorizer.swift in Sources */ = {isa = PBXBuildFile; fileRef = AA77E57B589C4DE4A6A97103 /* AppAttestCloudPhotoAnalysisAuthorizer.swift */; };
		AA88E57B589C4DE4A6A97102 /* TripReelVideoExporter.swift in Sources */ = {isa = PBXBuildFile; fileRef = AA88E57B589C4DE4A6A97103 /* TripReelVideoExporter.swift */; };
		AB4C1E160DF073DE8FE6B121 /* Foundation.framework in Frameworks */ = {isa = PBXBuildFile; fileRef = A05DBA13DDE89A223BF74084 /* Foundation.framework */; };
		B776F50C273D716AF454A0DA /* CloudPhotoAnalysisClient.swift in Sources */ = {isa = PBXBuildFile; fileRef = BE26B8F4A694B6E15BB21FC1 /* CloudPhotoAnalysisClient.swift */; };
		BDE6D49BCE0AE8419B8876B2 /* TripReelFlowUITests.swift in Sources */ = {isa = PBXBuildFile; fileRef = D3E8414F01F601C1F1299A6C /* TripReelFlowUITests.swift */; };
		C02880A95450631B821F1822 /* PhotoLibraryService.swift in Sources */ = {isa = PBXBuildFile; fileRef = 2E28ABF9F3C865F02010FAF8 /* PhotoLibraryService.swift */; };
		C0A000000000000000000001 /* wanderlust.m4a in Resources */ = {isa = PBXBuildFile; fileRef = D0A000000000000000000001 /* wanderlust.m4a */; };
		C0A000000000000000000002 /* simplicity.m4a in Resources */ = {isa = PBXBuildFile; fileRef = D0A000000000000000000002 /* simplicity.m4a */; };
		C0A000000000000000000003 /* castles-in-the-sky.m4a in Resources */ = {isa = PBXBuildFile; fileRef = D0A000000000000000000003 /* castles-in-the-sky.m4a */; };
		C0A000000000000000000004 /* the-long-way-home.m4a in Resources */ = {isa = PBXBuildFile; fileRef = D0A000000000000000000004 /* the-long-way-home.m4a */; };
		C0A000000000000000000005 /* MUSIC-CREDITS.txt in Resources */ = {isa = PBXBuildFile; fileRef = D0A000000000000000000005 /* MUSIC-CREDITS.txt */; };
		CCFE1ACB52D5AA9DA1460531 /* TripReelApp.swift in Sources */ = {isa = PBXBuildFile; fileRef = BD5F979D31E77ACB87012D87 /* TripReelApp.swift */; };
		CFB5CA6AC5D1181FA11EFCAD /* RootView.swift in Sources */ = {isa = PBXBuildFile; fileRef = 66AE5D366E7AF01DF0DE7BBB /* RootView.swift */; };
		D2444DED08CF777D03A20693 /* Foundation.framework in Frameworks */ = {isa = PBXBuildFile; fileRef = A05DBA13DDE89A223BF74084 /* Foundation.framework */; };
		D9016055F07B5B9F953F9DB3 /* EditingScreens.swift in Sources */ = {isa = PBXBuildFile; fileRef = 46EF74D71B427C50665FC2FA /* EditingScreens.swift */; };
		E0B8177316C36238ECCB1337 /* TripReelModelTests.swift in Sources */ = {isa = PBXBuildFile; fileRef = C1FF368A943FC1D2B6DAEB76 /* TripReelModelTests.swift */; };
		F6C953390844CEDFC6C1BEC2 /* PhotoAnalysisThumbnailService.swift in Sources */ = {isa = PBXBuildFile; fileRef = B1F8E2A45D62E233FE456939 /* PhotoAnalysisThumbnailService.swift */; };
		F897002B0F9BB807FCB1F01A /* Assets.xcassets in Resources */ = {isa = PBXBuildFile; fileRef = 65CF059667A4BDD5C2D4495A /* Assets.xcassets */; };
		FB4940A8E3141CBF51989301 /* NativePhotoIntelligenceScoringTests.swift in Sources */ = {isa = PBXBuildFile; fileRef = 1661F4C3BF5766186551D2A7 /* NativePhotoIntelligenceScoringTests.swift */; };
/* End PBXBuildFile section */

/* Begin PBXContainerItemProxy section */
		5F860C08187FC09AD7F18FE9 /* PBXContainerItemProxy */ = {
			isa = PBXContainerItemProxy;
			containerPortal = 480CA8818CC194FF590467B2 /* Project object */;
			proxyType = 1;
			remoteGlobalIDString = 1035759A12886F0EB2002E11;
			remoteInfo = TripReel;
		};
		AC15CA4AE7F65094BDE505F3 /* PBXContainerItemProxy */ = {
			isa = PBXContainerItemProxy;
			containerPortal = 480CA8818CC194FF590467B2 /* Project object */;
			proxyType = 1;
			remoteGlobalIDString = 1035759A12886F0EB2002E11;
			remoteInfo = TripReel;
		};
/* End PBXContainerItemProxy section */

/* Begin PBXFileReference section */
		06EE510F98A67B1A8E8D95C9 /* NativePhotoIntelligenceService.swift */ = {isa = PBXFileReference; includeInIndex = 1; lastKnownFileType = sourcecode.swift; name = NativePhotoIntelligenceService.swift; path = Models/NativePhotoIntelligenceService.swift; sourceTree = "<group>"; };
		0A4DD0217C602F175EF78D21 /* InstrumentSerif-Regular.ttf */ = {isa = PBXFileReference; includeInIndex = 1; lastKnownFileType = file; name = "InstrumentSerif-Regular.ttf"; path = "Resources/Fonts/InstrumentSerif-Regular.ttf"; sourceTree = "<group>"; };
		1661F4C3BF5766186551D2A7 /* NativePhotoIntelligenceScoringTests.swift */ = {isa = PBXFileReference; includeInIndex = 1; lastKnownFileType = sourcecode.swift; path = NativePhotoIntelligenceScoringTests.swift; sourceTree = "<group>"; };
		2257B61BB25B85B34BF9CB46 /* ManualPhotoImportService.swift */ = {isa = PBXFileReference; includeInIndex = 1; lastKnownFileType = sourcecode.swift; name = ManualPhotoImportService.swift; path = Models/ManualPhotoImportService.swift; sourceTree = "<group>"; };
		27E1E22E0738530EFCE94C6C /* CloudAnalysisConsentView.swift */ = {isa = PBXFileReference; includeInIndex = 1; lastKnownFileType = sourcecode.swift; name = CloudAnalysisConsentView.swift; path = Screens/CloudAnalysisConsentView.swift; sourceTree = "<group>"; };
		2E28ABF9F3C865F02010FAF8 /* PhotoLibraryService.swift */ = {isa = PBXFileReference; includeInIndex = 1; lastKnownFileType = sourcecode.swift; name = PhotoLibraryService.swift; path = Models/PhotoLibraryService.swift; sourceTree = "<group>"; };
		40C85D6FCCEAAF47992BC710 /* SmartPhotoSelection.swift */ = {isa = PBXFileReference; includeInIndex = 1; lastKnownFileType = sourcecode.swift; name = SmartPhotoSelection.swift; path = Models/SmartPhotoSelection.swift; sourceTree = "<group>"; };
		43DCF43F200C2C997CB420CE /* TripReelTests.xctest */ = {isa = PBXFileReference; explicitFileType = wrapper.cfbundle; includeInIndex = 0; path = TripReelTests.xctest; sourceTree = BUILT_PRODUCTS_DIR; };
		43F94729E331BA0045BE79EB /* TripReelPrivacyPolicyView.swift */ = {isa = PBXFileReference; includeInIndex = 1; lastKnownFileType = sourcecode.swift; name = TripReelPrivacyPolicyView.swift; path = Screens/TripReelPrivacyPolicyView.swift; sourceTree = "<group>"; };
		46EF74D71B427C50665FC2FA /* EditingScreens.swift */ = {isa = PBXFileReference; includeInIndex = 1; lastKnownFileType = sourcecode.swift; name = EditingScreens.swift; path = Screens/EditingScreens.swift; sourceTree = "<group>"; };
		4E0CF58F9757D40B4B8B93E4 /* SharedViews.swift */ = {isa = PBXFileReference; includeInIndex = 1; lastKnownFileType = sourcecode.swift; name = SharedViews.swift; path = Components/SharedViews.swift; sourceTree = "<group>"; };
		518C1F47CD476565000F8137 /* InstrumentSerif-Italic.ttf */ = {isa = PBXFileReference; includeInIndex = 1; lastKnownFileType = file; name = "InstrumentSerif-Italic.ttf"; path = "Resources/Fonts/InstrumentSerif-Italic.ttf"; sourceTree = "<group>"; };
		5353217E4A466EC5AB24FEDF /* TripScreens.swift */ = {isa = PBXFileReference; includeInIndex = 1; lastKnownFileType = sourcecode.swift; name = TripScreens.swift; path = Screens/TripScreens.swift; sourceTree = "<group>"; };
		56BDE4FB9B5D77BC3D117A7B /* OnboardingScreens.swift */ = {isa = PBXFileReference; includeInIndex = 1; lastKnownFileType = sourcecode.swift; name = OnboardingScreens.swift; path = Screens/OnboardingScreens.swift; sourceTree = "<group>"; };
		6165CA0D4738C8E8C6A326CA /* ExportScreens.swift */ = {isa = PBXFileReference; includeInIndex = 1; lastKnownFileType = sourcecode.swift; name = ExportScreens.swift; path = Screens/ExportScreens.swift; sourceTree = "<group>"; };
		65CF059667A4BDD5C2D4495A /* Assets.xcassets */ = {isa = PBXFileReference; includeInIndex = 1; lastKnownFileType = folder.assetcatalog; name = Assets.xcassets; path = Resources/Assets.xcassets; sourceTree = "<group>"; };
		66AE5D366E7AF01DF0DE7BBB /* RootView.swift */ = {isa = PBXFileReference; includeInIndex = 1; lastKnownFileType = sourcecode.swift; name = RootView.swift; path = App/RootView.swift; sourceTree = "<group>"; };
		7194E4A2C8B47C5747EA43C1 /* TripGrouping.swift */ = {isa = PBXFileReference; includeInIndex = 1; lastKnownFileType = sourcecode.swift; name = TripGrouping.swift; path = Models/TripGrouping.swift; sourceTree = "<group>"; };
		7CD7D09C961CEBCBCF6B1700 /* TripGroupingTests.swift */ = {isa = PBXFileReference; includeInIndex = 1; lastKnownFileType = sourcecode.swift; path = TripGroupingTests.swift; sourceTree = "<group>"; };
		9953289207A8CC41C9A61899 /* TripReelModel.swift */ = {isa = PBXFileReference; includeInIndex = 1; lastKnownFileType = sourcecode.swift; name = TripReelModel.swift; path = Models/TripReelModel.swift; sourceTree = "<group>"; };
		A05DBA13DDE89A223BF74084 /* Foundation.framework */ = {isa = PBXFileReference; lastKnownFileType = wrapper.framework; name = Foundation.framework; path = Platforms/iPhoneOS.platform/Developer/SDKs/iPhoneOS14.0.sdk/System/Library/Frameworks/Foundation.framework; sourceTree = DEVELOPER_DIR; };
		A073A98B449C0C783CAAFC66 /* PrivacyInfo.xcprivacy */ = {isa = PBXFileReference; includeInIndex = 1; lastKnownFileType = text.xml; name = PrivacyInfo.xcprivacy; path = Resources/PrivacyInfo.xcprivacy; sourceTree = "<group>"; };
		A1B2C3D4E5F60718293A4B03 /* RevenueCatPurchaseService.swift */ = {isa = PBXFileReference; includeInIndex = 1; lastKnownFileType = sourcecode.swift; name = RevenueCatPurchaseService.swift; path = Models/RevenueCatPurchaseService.swift; sourceTree = "<group>"; };
		A35C1A3C46684F9B1761B266 /* CloudPhotoAnalysisTests.swift */ = {isa = PBXFileReference; includeInIndex = 1; lastKnownFileType = sourcecode.swift; path = CloudPhotoAnalysisTests.swift; sourceTree = "<group>"; };
		A5D6F0320E51D07035AA4F6F /* SmartPhotoSelectionFlowTests.swift */ = {isa = PBXFileReference; includeInIndex = 1; lastKnownFileType = sourcecode.swift; path = SmartPhotoSelectionFlowTests.swift; sourceTree = "<group>"; };
		A689E9B6C2743B25AD899649 /* Info.plist */ = {isa = PBXFileReference; includeInIndex = 1; lastKnownFileType = text.plist.xml; name = Info.plist; path = Resources/Info.plist; sourceTree = "<group>"; };
		AA77E57B589C4DE4A6A97101 /* TripReel.entitlements */ = {isa = PBXFileReference; includeInIndex = 1; lastKnownFileType = text.plist.entitlements; name = TripReel.entitlements; path = Resources/TripReel.entitlements; sourceTree = "<group>"; };
		AA77E57B589C4DE4A6A97103 /* AppAttestCloudPhotoAnalysisAuthorizer.swift */ = {isa = PBXFileReference; includeInIndex = 1; lastKnownFileType = sourcecode.swift; name = AppAttestCloudPhotoAnalysisAuthorizer.swift; path = Models/AppAttestCloudPhotoAnalysisAuthorizer.swift; sourceTree = "<group>"; };
		AA88E57B589C4DE4A6A97103 /* TripReelVideoExporter.swift */ = {isa = PBXFileReference; includeInIndex = 1; lastKnownFileType = sourcecode.swift; name = TripReelVideoExporter.swift; path = Models/TripReelVideoExporter.swift; sourceTree = "<group>"; };
		B1F8E2A45D62E233FE456939 /* PhotoAnalysisThumbnailService.swift */ = {isa = PBXFileReference; includeInIndex = 1; lastKnownFileType = sourcecode.swift; name = PhotoAnalysisThumbnailService.swift; path = Models/PhotoAnalysisThumbnailService.swift; sourceTree = "<group>"; };
		BD5F979D31E77ACB87012D87 /* TripReelApp.swift */ = {isa = PBXFileReference; includeInIndex = 1; lastKnownFileType = sourcecode.swift; name = TripReelApp.swift; path = App/TripReelApp.swift; sourceTree = "<group>"; };
		BE26B8F4A694B6E15BB21FC1 /* CloudPhotoAnalysisClient.swift */ = {isa = PBXFileReference; includeInIndex = 1; lastKnownFileType = sourcecode.swift; name = CloudPhotoAnalysisClient.swift; path = Models/CloudPhotoAnalysisClient.swift; sourceTree = "<group>"; };
		BF7B611247DFFA6E3FD10EB3 /* TripReelUITests.xctest */ = {isa = PBXFileReference; explicitFileType = wrapper.cfbundle; includeInIndex = 0; path = TripReelUITests.xctest; sourceTree = BUILT_PRODUCTS_DIR; };
		C1FF368A943FC1D2B6DAEB76 /* TripReelModelTests.swift */ = {isa = PBXFileReference; includeInIndex = 1; lastKnownFileType = sourcecode.swift; path = TripReelModelTests.swift; sourceTree = "<group>"; };
		C6503A4F6A976D37B5E9DC45 /* TripReel.app */ = {isa = PBXFileReference; explicitFileType = wrapper.application; includeInIndex = 0; path = TripReel.app; sourceTree = BUILT_PRODUCTS_DIR; };
		CC3B475300161E9F2A7EB701 /* OFL-InstrumentSerif.txt */ = {isa = PBXFileReference; includeInIndex = 1; lastKnownFileType = text; name = "OFL-InstrumentSerif.txt"; path = "Resources/Fonts/OFL-InstrumentSerif.txt"; sourceTree = "<group>"; };
		D0A000000000000000000001 /* wanderlust.m4a */ = {isa = PBXFileReference; includeInIndex = 1; lastKnownFileType = audio.m4a; name = wanderlust.m4a; path = Resources/Music/wanderlust.m4a; sourceTree = "<group>"; };
		D0A000000000000000000002 /* simplicity.m4a */ = {isa = PBXFileReference; includeInIndex = 1; lastKnownFileType = audio.m4a; name = simplicity.m4a; path = Resources/Music/simplicity.m4a; sourceTree = "<group>"; };
		D0A000000000000000000003 /* castles-in-the-sky.m4a */ = {isa = PBXFileReference; includeInIndex = 1; lastKnownFileType = audio.m4a; name = "castles-in-the-sky.m4a"; path = "Resources/Music/castles-in-the-sky.m4a"; sourceTree = "<group>"; };
		D0A000000000000000000004 /* the-long-way-home.m4a */ = {isa = PBXFileReference; includeInIndex = 1; lastKnownFileType = audio.m4a; name = "the-long-way-home.m4a"; path = "Resources/Music/the-long-way-home.m4a"; sourceTree = "<group>"; };
		D0A000000000000000000005 /* MUSIC-CREDITS.txt */ = {isa = PBXFileReference; includeInIndex = 1; lastKnownFileType = text; name = "MUSIC-CREDITS.txt"; path = "Resources/Music/MUSIC-CREDITS.txt"; sourceTree = "<group>"; };
		D3E8414F01F601C1F1299A6C /* TripReelFlowUITests.swift */ = {isa = PBXFileReference; includeInIndex = 1; lastKnownFileType = sourcecode.swift; path = TripReelFlowUITests.swift; sourceTree = "<group>"; };
		DD4F8BD3DADE8F267D386287 /* SmartPhotoSelectionViews.swift */ = {isa = PBXFileReference; includeInIndex = 1; lastKnownFileType = sourcecode.swift; name = SmartPhotoSelectionViews.swift; path = Screens/SmartPhotoSelectionViews.swift; sourceTree = "<group>"; };
		E05554B9C707378C118B13B3 /* TripReelTheme.swift */ = {isa = PBXFileReference; includeInIndex = 1; lastKnownFileType = sourcecode.swift; name = TripReelTheme.swift; path = DesignSystem/TripReelTheme.swift; sourceTree = "<group>"; };
/* End PBXFileReference section */

/* Begin PBXFrameworksBuildPhase section */
		0E0C0E294C16867B48D5B83D /* Frameworks */ = {
			isa = PBXFrameworksBuildPhase;
			buildActionMask = 2147483647;
			files = (
				D2444DED08CF777D03A20693 /* Foundation.framework in Frameworks */,
				A1B2C3D4E5F60718293A4B01 /* RevenueCat in Frameworks */,
			);
			runOnlyForDeploymentPostprocessing = 0;
		};
		4DF4DB284CDC8113A5F820D0 /* Frameworks */ = {
			isa = PBXFrameworksBuildPhase;
			buildActionMask = 2147483647;
			files = (
				AB4C1E160DF073DE8FE6B121 /* Foundation.framework in Frameworks */,
			);
			runOnlyForDeploymentPostprocessing = 0;
		};
		56A224C2150F2E7AC3313499 /* Frameworks */ = {
			isa = PBXFrameworksBuildPhase;
			buildActionMask = 2147483647;
			files = (
				74E441749C03F40346684D17 /* Foundation.framework in Frameworks */,
			);
			runOnlyForDeploymentPostprocessing = 0;
		};
/* End PBXFrameworksBuildPhase section */

/* Begin PBXGroup section */
		0F9AF72BD031DD88C0E8B707 /* TripReel */ = {
			isa = PBXGroup;
			children = (
				66AE5D366E7AF01DF0DE7BBB /* RootView.swift */,
				BD5F979D31E77ACB87012D87 /* TripReelApp.swift */,
				4E0CF58F9757D40B4B8B93E4 /* SharedViews.swift */,
				E05554B9C707378C118B13B3 /* TripReelTheme.swift */,
				BE26B8F4A694B6E15BB21FC1 /* CloudPhotoAnalysisClient.swift */,
				A1B2C3D4E5F60718293A4B03 /* RevenueCatPurchaseService.swift */,
				AA77E57B589C4DE4A6A97103 /* AppAttestCloudPhotoAnalysisAuthorizer.swift */,
				2257B61BB25B85B34BF9CB46 /* ManualPhotoImportService.swift */,
				06EE510F98A67B1A8E8D95C9 /* NativePhotoIntelligenceService.swift */,
				B1F8E2A45D62E233FE456939 /* PhotoAnalysisThumbnailService.swift */,
				2E28ABF9F3C865F02010FAF8 /* PhotoLibraryService.swift */,
				40C85D6FCCEAAF47992BC710 /* SmartPhotoSelection.swift */,
				7194E4A2C8B47C5747EA43C1 /* TripGrouping.swift */,
				9953289207A8CC41C9A61899 /* TripReelModel.swift */,
				AA88E57B589C4DE4A6A97103 /* TripReelVideoExporter.swift */,
				27E1E22E0738530EFCE94C6C /* CloudAnalysisConsentView.swift */,
				46EF74D71B427C50665FC2FA /* EditingScreens.swift */,
				6165CA0D4738C8E8C6A326CA /* ExportScreens.swift */,
				56BDE4FB9B5D77BC3D117A7B /* OnboardingScreens.swift */,
				DD4F8BD3DADE8F267D386287 /* SmartPhotoSelectionViews.swift */,
				43F94729E331BA0045BE79EB /* TripReelPrivacyPolicyView.swift */,
				5353217E4A466EC5AB24FEDF /* TripScreens.swift */,
				65CF059667A4BDD5C2D4495A /* Assets.xcassets */,
				A073A98B449C0C783CAAFC66 /* PrivacyInfo.xcprivacy */,
				0A4DD0217C602F175EF78D21 /* InstrumentSerif-Regular.ttf */,
				518C1F47CD476565000F8137 /* InstrumentSerif-Italic.ttf */,
				A689E9B6C2743B25AD899649 /* Info.plist */,
				AA77E57B589C4DE4A6A97101 /* TripReel.entitlements */,
				CC3B475300161E9F2A7EB701 /* OFL-InstrumentSerif.txt */,
				D0A000000000000000000001 /* wanderlust.m4a */,
				D0A000000000000000000002 /* simplicity.m4a */,
				D0A000000000000000000003 /* castles-in-the-sky.m4a */,
				D0A000000000000000000004 /* the-long-way-home.m4a */,
				D0A000000000000000000005 /* MUSIC-CREDITS.txt */,
			);
			path = TripReel;
			sourceTree = "<group>";
		};
		44BE93A3A5071C31B2B1DD5D = {
			isa = PBXGroup;
			children = (
				840459F7C0070CE6DAFA13F6 /* Products */,
				6AC107799A7112E86F51E8D2 /* Frameworks */,
				0F9AF72BD031DD88C0E8B707 /* TripReel */,
				E749576199AEEECE428F6CE6 /* TripReelTests */,
				FA6B775BB348FB055097A8E3 /* TripReelUITests */,
			);
			sourceTree = "<group>";
		};
		5BC54A82E46A19DF6217F2D9 /* iOS */ = {
			isa = PBXGroup;
			children = (
				A05DBA13DDE89A223BF74084 /* Foundation.framework */,
			);
			name = iOS;
			sourceTree = "<group>";
		};
		6AC107799A7112E86F51E8D2 /* Frameworks */ = {
			isa = PBXGroup;
			children = (
				5BC54A82E46A19DF6217F2D9 /* iOS */,
			);
			name = Frameworks;
			sourceTree = "<group>";
		};
		840459F7C0070CE6DAFA13F6 /* Products */ = {
			isa = PBXGroup;
			children = (
				C6503A4F6A976D37B5E9DC45 /* TripReel.app */,
				43DCF43F200C2C997CB420CE /* TripReelTests.xctest */,
				BF7B611247DFFA6E3FD10EB3 /* TripReelUITests.xctest */,
			);
			name = Products;
			sourceTree = "<group>";
		};
		E749576199AEEECE428F6CE6 /* TripReelTests */ = {
			isa = PBXGroup;
			children = (
				A35C1A3C46684F9B1761B266 /* CloudPhotoAnalysisTests.swift */,
				1661F4C3BF5766186551D2A7 /* NativePhotoIntelligenceScoringTests.swift */,
				A5D6F0320E51D07035AA4F6F /* SmartPhotoSelectionFlowTests.swift */,
				7CD7D09C961CEBCBCF6B1700 /* TripGroupingTests.swift */,
				C1FF368A943FC1D2B6DAEB76 /* TripReelModelTests.swift */,
			);
			path = TripReelTests;
			sourceTree = "<group>";
		};
		FA6B775BB348FB055097A8E3 /* TripReelUITests */ = {
			isa = PBXGroup;
			children = (
				D3E8414F01F601C1F1299A6C /* TripReelFlowUITests.swift */,
			);
			path = TripReelUITests;
			sourceTree = "<group>";
		};
/* End PBXGroup section */

/* Begin PBXNativeTarget section */
		1035759A12886F0EB2002E11 /* TripReel */ = {
			isa = PBXNativeTarget;
			buildConfigurationList = 1267793BA70B39655284BD02 /* Build configuration list for PBXNativeTarget "TripReel" */;
			buildPhases = (
				102C5B62D84C8E828222A8D0 /* Sources */,
				0E0C0E294C16867B48D5B83D /* Frameworks */,
				6F9FD6F0A22B3AA4257EDF41 /* Resources */,
			);
			buildRules = (
			);
			dependencies = (
			);
			name = TripReel;
			packageProductDependencies = (
				A1B2C3D4E5F60718293A4B05 /* RevenueCat */,
			);
			productName = TripReel;
			productReference = C6503A4F6A976D37B5E9DC45 /* TripReel.app */;
			productType = "com.apple.product-type.application";
		};
		68168F32D35959FA252890F7 /* TripReelTests */ = {
			isa = PBXNativeTarget;
			buildConfigurationList = 48D7CF92D1AC5890FE1D8DD7 /* Build configuration list for PBXNativeTarget "TripReelTests" */;
			buildPhases = (
				C8AEC485F1A82B9A3508FA27 /* Sources */,
				4DF4DB284CDC8113A5F820D0 /* Frameworks */,
				D0E9A4872546C23D2ECFAA84 /* Resources */,
			);
			buildRules = (
			);
			dependencies = (
				25B0A6A4DD6F11995ED9BBCA /* PBXTargetDependency */,
			);
			name = TripReelTests;
			productName = TripReelTests;
			productReference = 43DCF43F200C2C997CB420CE /* TripReelTests.xctest */;
			productType = "com.apple.product-type.bundle.unit-test";
		};
		E1E1C30860281C215DEBE50E /* TripReelUITests */ = {
			isa = PBXNativeTarget;
			buildConfigurationList = 8C58D7D320004A0931940CBB /* Build configuration list for PBXNativeTarget "TripReelUITests" */;
			buildPhases = (
				503CEAB09118C5E22C589F92 /* Sources */,
				56A224C2150F2E7AC3313499 /* Frameworks */,
				00672EFBE9130D25189124CA /* Resources */,
			);
			buildRules = (
			);
			dependencies = (
				6BBC0392095B6CC7B0758615 /* PBXTargetDependency */,
			);
			name = TripReelUITests;
			productName = TripReelUITests;
			productReference = BF7B611247DFFA6E3FD10EB3 /* TripReelUITests.xctest */;
			productType = "com.apple.product-type.bundle.ui-testing";
		};
/* End PBXNativeTarget section */

/* Begin PBXProject section */
		480CA8818CC194FF590467B2 /* Project object */ = {
			isa = PBXProject;
			attributes = {
				BuildIndependentTargetsInParallel = YES;
				LastSwiftUpdateCheck = 2660;
				LastUpgradeCheck = 2660;
				TargetAttributes = {
					1035759A12886F0EB2002E11 = {
						CreatedOnToolsVersion = 26.0;
						ProvisioningStyle = Automatic;
						SystemCapabilities = {
							com.apple.InAppPurchase = {
								enabled = 1;
							};
						};
					};
				};
			};
			buildConfigurationList = C6B523492E9D3B154E4E3304 /* Build configuration list for PBXProject "TripReel" */;
			compatibilityVersion = "Xcode 15.0";
			developmentRegion = en;
			hasScannedForEncodings = 0;
			knownRegions = (
				en,
				Base,
			);
			mainGroup = 44BE93A3A5071C31B2B1DD5D;
			packageReferences = (
				A1B2C3D4E5F60718293A4B04 /* XCRemoteSwiftPackageReference "purchases-ios-spm" */,
			);
			productRefGroup = 840459F7C0070CE6DAFA13F6 /* Products */;
			projectDirPath = "";
			projectRoot = "";
			targets = (
				1035759A12886F0EB2002E11 /* TripReel */,
				68168F32D35959FA252890F7 /* TripReelTests */,
				E1E1C30860281C215DEBE50E /* TripReelUITests */,
			);
		};
/* End PBXProject section */

/* Begin PBXResourcesBuildPhase section */
		00672EFBE9130D25189124CA /* Resources */ = {
			isa = PBXResourcesBuildPhase;
			buildActionMask = 2147483647;
			files = (
			);
			runOnlyForDeploymentPostprocessing = 0;
		};
		6F9FD6F0A22B3AA4257EDF41 /* Resources */ = {
			isa = PBXResourcesBuildPhase;
			buildActionMask = 2147483647;
			files = (
				F897002B0F9BB807FCB1F01A /* Assets.xcassets in Resources */,
				17CE2AED3A602FAC46DB2BD2 /* PrivacyInfo.xcprivacy in Resources */,
				5EB0FD17C0576C8C5A2093A5 /* InstrumentSerif-Regular.ttf in Resources */,
				050E6A1D8D90DF1515ABDC18 /* InstrumentSerif-Italic.ttf in Resources */,
				C0A000000000000000000001 /* wanderlust.m4a in Resources */,
				C0A000000000000000000002 /* simplicity.m4a in Resources */,
				C0A000000000000000000003 /* castles-in-the-sky.m4a in Resources */,
				C0A000000000000000000004 /* the-long-way-home.m4a in Resources */,
				C0A000000000000000000005 /* MUSIC-CREDITS.txt in Resources */,
			);
			runOnlyForDeploymentPostprocessing = 0;
		};
		D0E9A4872546C23D2ECFAA84 /* Resources */ = {
			isa = PBXResourcesBuildPhase;
			buildActionMask = 2147483647;
			files = (
			);
			runOnlyForDeploymentPostprocessing = 0;
		};
/* End PBXResourcesBuildPhase section */

/* Begin PBXSourcesBuildPhase section */
		102C5B62D84C8E828222A8D0 /* Sources */ = {
			isa = PBXSourcesBuildPhase;
			buildActionMask = 2147483647;
			files = (
				CFB5CA6AC5D1181FA11EFCAD /* RootView.swift in Sources */,
				CCFE1ACB52D5AA9DA1460531 /* TripReelApp.swift in Sources */,
				82E6B110F8E44D0475A1B1E7 /* SharedViews.swift in Sources */,
				51915F88844C5B47A6714A9C /* TripReelTheme.swift in Sources */,
				B776F50C273D716AF454A0DA /* CloudPhotoAnalysisClient.swift in Sources */,
				A1B2C3D4E5F60718293A4B02 /* RevenueCatPurchaseService.swift in Sources */,
				AA77E57B589C4DE4A6A97102 /* AppAttestCloudPhotoAnalysisAuthorizer.swift in Sources */,
				4031D0983D8C7D2B129FB59C /* ManualPhotoImportService.swift in Sources */,
				637614BC5AAACF420A388D9A /* NativePhotoIntelligenceService.swift in Sources */,
				F6C953390844CEDFC6C1BEC2 /* PhotoAnalysisThumbnailService.swift in Sources */,
				C02880A95450631B821F1822 /* PhotoLibraryService.swift in Sources */,
				87E1A116F52854E2874D925E /* SmartPhotoSelection.swift in Sources */,
				227F5E70D7D246E93845E4BE /* TripGrouping.swift in Sources */,
				0D9165FC8230402EBA050B06 /* TripReelModel.swift in Sources */,
				AA88E57B589C4DE4A6A97102 /* TripReelVideoExporter.swift in Sources */,
				1514F12B69FCFDE789641AA1 /* CloudAnalysisConsentView.swift in Sources */,
				D9016055F07B5B9F953F9DB3 /* EditingScreens.swift in Sources */,
				620D9360A3BE52F5BBAA11F6 /* ExportScreens.swift in Sources */,
				89A96196B16384BAC32665A0 /* OnboardingScreens.swift in Sources */,
				09B1F1C72A1A53AB9455EAD4 /* SmartPhotoSelectionViews.swift in Sources */,
				7D01F96D74767B9D8EFF5D96 /* TripReelPrivacyPolicyView.swift in Sources */,
				9E9C852C42DD0DBD4A75EF20 /* TripScreens.swift in Sources */,
			);
			runOnlyForDeploymentPostprocessing = 0;
		};
		503CEAB09118C5E22C589F92 /* Sources */ = {
			isa = PBXSourcesBuildPhase;
			buildActionMask = 2147483647;
			files = (
				BDE6D49BCE0AE8419B8876B2 /* TripReelFlowUITests.swift in Sources */,
			);
			runOnlyForDeploymentPostprocessing = 0;
		};
		C8AEC485F1A82B9A3508FA27 /* Sources */ = {
			isa = PBXSourcesBuildPhase;
			buildActionMask = 2147483647;
			files = (
				565DE7925AF830761E4BA950 /* CloudPhotoAnalysisTests.swift in Sources */,
				FB4940A8E3141CBF51989301 /* NativePhotoIntelligenceScoringTests.swift in Sources */,
				06F40B34C571F4B6469E2FA5 /* SmartPhotoSelectionFlowTests.swift in Sources */,
				52829295ED1DCF082643BEBF /* TripGroupingTests.swift in Sources */,
				E0B8177316C36238ECCB1337 /* TripReelModelTests.swift in Sources */,
			);
			runOnlyForDeploymentPostprocessing = 0;
		};
/* End PBXSourcesBuildPhase section */

/* Begin PBXTargetDependency section */
		25B0A6A4DD6F11995ED9BBCA /* PBXTargetDependency */ = {
			isa = PBXTargetDependency;
			name = TripReel;
			target = 1035759A12886F0EB2002E11 /* TripReel */;
			targetProxy = 5F860C08187FC09AD7F18FE9 /* PBXContainerItemProxy */;
		};
		6BBC0392095B6CC7B0758615 /* PBXTargetDependency */ = {
			isa = PBXTargetDependency;
			name = TripReel;
			target = 1035759A12886F0EB2002E11 /* TripReel */;
			targetProxy = AC15CA4AE7F65094BDE505F3 /* PBXContainerItemProxy */;
		};
/* End PBXTargetDependency section */

/* Begin XCBuildConfiguration section */
		09ED5AC6990CFC6CDAF6C99A /* Debug */ = {
			isa = XCBuildConfiguration;
			buildSettings = {
				BUNDLE_LOADER = "$(TEST_HOST)";
				CLANG_ENABLE_OBJC_WEAK = NO;
				CODE_SIGN_STYLE = Automatic;
				GENERATE_INFOPLIST_FILE = YES;
				IPHONEOS_DEPLOYMENT_TARGET = 17.0;
				PRODUCT_BUNDLE_IDENTIFIER = com.tripreel.tests;
				SDKROOT = iphoneos;
				SWIFT_VERSION = 5.0;
				TARGETED_DEVICE_FAMILY = 1;
				TEST_HOST = "$(BUILT_PRODUCTS_DIR)/TripReel.app/$(BUNDLE_EXECUTABLE_FOLDER_PATH)/TripReel";
			};
			name = Debug;
		};
		21F8A7F8DA822FCB1F47930E /* Release */ = {
			isa = XCBuildConfiguration;
			buildSettings = {
				BUNDLE_LOADER = "$(TEST_HOST)";
				CLANG_ENABLE_OBJC_WEAK = NO;
				CODE_SIGN_STYLE = Automatic;
				GENERATE_INFOPLIST_FILE = YES;
				IPHONEOS_DEPLOYMENT_TARGET = 17.0;
				PRODUCT_BUNDLE_IDENTIFIER = com.tripreel.tests;
				SDKROOT = iphoneos;
				SWIFT_VERSION = 5.0;
				TARGETED_DEVICE_FAMILY = 1;
				TEST_HOST = "$(BUILT_PRODUCTS_DIR)/TripReel.app/$(BUNDLE_EXECUTABLE_FOLDER_PATH)/TripReel";
				VALIDATE_PRODUCT = YES;
			};
			name = Release;
		};
		2FE41DD30CA9769F98B4D768 /* Debug */ = {
			isa = XCBuildConfiguration;
			buildSettings = {
				ASSETCATALOG_COMPILER_APPICON_NAME = AppIcon;
				ASSETCATALOG_COMPILER_GLOBAL_ACCENT_COLOR_NAME = AccentColor;
				CLANG_ENABLE_OBJC_WEAK = NO;
				CODE_SIGN_ENTITLEMENTS = TripReel/Resources/TripReel.entitlements;
				CODE_SIGN_STYLE = Automatic;
				CURRENT_PROJECT_VERSION = 1;
				DEVELOPMENT_TEAM = GT9EAB8826;
				ENABLE_PREVIEWS = YES;
				GENERATE_INFOPLIST_FILE = NO;
				INFOPLIST_FILE = TripReel/Resources/Info.plist;
				IPHONEOS_DEPLOYMENT_TARGET = 17.0;
				LD_RUNPATH_SEARCH_PATHS = (
					"$(inherited)",
					"@executable_path/Frameworks",
				);
				MARKETING_VERSION = 1.0;
				PRODUCT_BUNDLE_IDENTIFIER = com.prakashash18.tripreel;
				PRODUCT_NAME = "$(TARGET_NAME)";
				REVENUECAT_PUBLIC_SDK_KEY = "";
				REVENUECAT_STORY_PASS_PACKAGE_ID = story_pass;
				SDKROOT = iphoneos;
				SUPPORTED_PLATFORMS = "iphoneos iphonesimulator";
				SUPPORTS_MACCATALYST = NO;
				SWIFT_EMIT_LOC_STRINGS = YES;
				SWIFT_VERSION = 5.0;
				TARGETED_DEVICE_FAMILY = 1;
				TRIPREEL_APP_ATTEST_ENVIRONMENT = production;
				TRIPREEL_PHOTO_ANALYSIS_ENDPOINT = "https://tripreel-visual-analysis.tripreel-prakashash18.workers.dev/v1/analyze";
			};
			name = Debug;
		};
		3664D78D8487C7F0287D8B03 /* Debug */ = {
			isa = XCBuildConfiguration;
			buildSettings = {
				ALWAYS_SEARCH_USER_PATHS = NO;
				CLANG_ANALYZER_NONNULL = YES;
				CLANG_ANALYZER_NUMBER_OBJECT_CONVERSION = YES_AGGRESSIVE;
				CLANG_CXX_LANGUAGE_STANDARD = "gnu++14";
				CLANG_CXX_LIBRARY = "libc++";
				CLANG_ENABLE_MODULES = YES;
				CLANG_ENABLE_OBJC_ARC = YES;
				CLANG_ENABLE_OBJC_WEAK = YES;
				CLANG_WARN_BLOCK_CAPTURE_AUTORELEASING = YES;
				CLANG_WARN_BOOL_CONVERSION = YES;
				CLANG_WARN_COMMA = YES;
				CLANG_WARN_CONSTANT_CONVERSION = YES;
				CLANG_WARN_DEPRECATED_OBJC_IMPLEMENTATIONS = YES;
				CLANG_WARN_DIRECT_OBJC_ISA_USAGE = YES_ERROR;
				CLANG_WARN_DOCUMENTATION_COMMENTS = YES;
				CLANG_WARN_EMPTY_BODY = YES;
				CLANG_WARN_ENUM_CONVERSION = YES;
				CLANG_WARN_INFINITE_RECURSION = YES;
				CLANG_WARN_INT_CONVERSION = YES;
				CLANG_WARN_NON_LITERAL_NULL_CONVERSION = YES;
				CLANG_WARN_OBJC_IMPLICIT_RETAIN_SELF = YES;
				CLANG_WARN_OBJC_LITERAL_CONVERSION = YES;
				CLANG_WARN_OBJC_ROOT_CLASS = YES_ERROR;
				CLANG_WARN_QUOTED_INCLUDE_IN_FRAMEWORK_HEADER = YES;
				CLANG_WARN_RANGE_LOOP_ANALYSIS = YES;
				CLANG_WARN_STRICT_PROTOTYPES = YES;
				CLANG_WARN_SUSPICIOUS_MOVE = YES;
				CLANG_WARN_UNGUARDED_AVAILABILITY = YES_AGGRESSIVE;
				CLANG_WARN_UNREACHABLE_CODE = YES;
				CLANG_WARN__DUPLICATE_METHOD_MATCH = YES;
				COPY_PHASE_STRIP = NO;
				DEBUG_INFORMATION_FORMAT = dwarf;
				ENABLE_STRICT_OBJC_MSGSEND = YES;
				ENABLE_TESTABILITY = YES;
				ENABLE_USER_SCRIPT_SANDBOXING = YES;
				GCC_C_LANGUAGE_STANDARD = gnu11;
				GCC_DYNAMIC_NO_PIC = NO;
				GCC_NO_COMMON_BLOCKS = YES;
				GCC_OPTIMIZATION_LEVEL = 0;
				GCC_PREPROCESSOR_DEFINITIONS = (
					"DEBUG=1",
					"$(inherited)",
				);
				GCC_WARN_64_TO_32_BIT_CONVERSION = YES;
				GCC_WARN_ABOUT_RETURN_TYPE = YES_ERROR;
				GCC_WARN_UNDECLARED_SELECTOR = YES;
				GCC_WARN_UNINITIALIZED_AUTOS = YES_AGGRESSIVE;
				GCC_WARN_UNUSED_FUNCTION = YES;
				GCC_WARN_UNUSED_VARIABLE = YES;
				IPHONEOS_DEPLOYMENT_TARGET = 17.0;
				MTL_ENABLE_DEBUG_INFO = INCLUDE_SOURCE;
				MTL_FAST_MATH = YES;
				ONLY_ACTIVE_ARCH = YES;
				PRODUCT_NAME = "$(TARGET_NAME)";
				REVENUECAT_PUBLIC_SDK_KEY = "";
				REVENUECAT_STORY_PASS_PACKAGE_ID = story_pass;
				SDKROOT = iphoneos;
				STRING_CATALOG_GENERATE_SYMBOLS = YES;
				SWIFT_ACTIVE_COMPILATION_CONDITIONS = DEBUG;
				SWIFT_OPTIMIZATION_LEVEL = "-Onone";
				SWIFT_VERSION = 5.0;
			};
			name = Debug;
		};
		6DCEF1C7565D693D828EE2EA /* Release */ = {
			isa = XCBuildConfiguration;
			buildSettings = {
				ASSETCATALOG_COMPILER_APPICON_NAME = AppIcon;
				ASSETCATALOG_COMPILER_GLOBAL_ACCENT_COLOR_NAME = AccentColor;
				CLANG_ENABLE_OBJC_WEAK = NO;
				CODE_SIGN_ENTITLEMENTS = TripReel/Resources/TripReel.entitlements;
				CODE_SIGN_STYLE = Automatic;
				CURRENT_PROJECT_VERSION = 1;
				DEVELOPMENT_TEAM = GT9EAB8826;
				ENABLE_PREVIEWS = YES;
				GENERATE_INFOPLIST_FILE = NO;
				INFOPLIST_FILE = TripReel/Resources/Info.plist;
				IPHONEOS_DEPLOYMENT_TARGET = 17.0;
				LD_RUNPATH_SEARCH_PATHS = (
					"$(inherited)",
					"@executable_path/Frameworks",
				);
				MARKETING_VERSION = 1.0;
				PRODUCT_BUNDLE_IDENTIFIER = com.prakashash18.tripreel;
				PRODUCT_NAME = "$(TARGET_NAME)";
				SDKROOT = iphoneos;
				SUPPORTED_PLATFORMS = "iphoneos iphonesimulator";
				SUPPORTS_MACCATALYST = NO;
				SWIFT_EMIT_LOC_STRINGS = YES;
				SWIFT_VERSION = 5.0;
				TARGETED_DEVICE_FAMILY = 1;
				TRIPREEL_APP_ATTEST_ENVIRONMENT = production;
				TRIPREEL_PHOTO_ANALYSIS_ENDPOINT = "https://tripreel-visual-analysis.tripreel-prakashash18.workers.dev/v1/analyze";
				VALIDATE_PRODUCT = YES;
			};
			name = Release;
		};
		8DCFE089DDE7D6EEB45EB966 /* Release */ = {
			isa = XCBuildConfiguration;
			buildSettings = {
				ALWAYS_SEARCH_USER_PATHS = NO;
				CLANG_ANALYZER_NONNULL = YES;
				CLANG_ANALYZER_NUMBER_OBJECT_CONVERSION = YES_AGGRESSIVE;
				CLANG_CXX_LANGUAGE_STANDARD = "gnu++14";
				CLANG_CXX_LIBRARY = "libc++";
				CLANG_ENABLE_MODULES = YES;
				CLANG_ENABLE_OBJC_ARC = YES;
				CLANG_ENABLE_OBJC_WEAK = YES;
				CLANG_WARN_BLOCK_CAPTURE_AUTORELEASING = YES;
				CLANG_WARN_BOOL_CONVERSION = YES;
				CLANG_WARN_COMMA = YES;
				CLANG_WARN_CONSTANT_CONVERSION = YES;
				CLANG_WARN_DEPRECATED_OBJC_IMPLEMENTATIONS = YES;
				CLANG_WARN_DIRECT_OBJC_ISA_USAGE = YES_ERROR;
				CLANG_WARN_DOCUMENTATION_COMMENTS = YES;
				CLANG_WARN_EMPTY_BODY = YES;
				CLANG_WARN_ENUM_CONVERSION = YES;
				CLANG_WARN_INFINITE_RECURSION = YES;
				CLANG_WARN_INT_CONVERSION = YES;
				CLANG_WARN_NON_LITERAL_NULL_CONVERSION = YES;
				CLANG_WARN_OBJC_IMPLICIT_RETAIN_SELF = YES;
				CLANG_WARN_OBJC_LITERAL_CONVERSION = YES;
				CLANG_WARN_OBJC_ROOT_CLASS = YES_ERROR;
				CLANG_WARN_QUOTED_INCLUDE_IN_FRAMEWORK_HEADER = YES;
				CLANG_WARN_RANGE_LOOP_ANALYSIS = YES;
				CLANG_WARN_STRICT_PROTOTYPES = YES;
				CLANG_WARN_SUSPICIOUS_MOVE = YES;
				CLANG_WARN_UNGUARDED_AVAILABILITY = YES_AGGRESSIVE;
				CLANG_WARN_UNREACHABLE_CODE = YES;
				CLANG_WARN__DUPLICATE_METHOD_MATCH = YES;
				COPY_PHASE_STRIP = NO;
				DEBUG_INFORMATION_FORMAT = "dwarf-with-dsym";
				ENABLE_NS_ASSERTIONS = NO;
				ENABLE_STRICT_OBJC_MSGSEND = YES;
				ENABLE_USER_SCRIPT_SANDBOXING = YES;
				GCC_C_LANGUAGE_STANDARD = gnu11;
				GCC_NO_COMMON_BLOCKS = YES;
				GCC_WARN_64_TO_32_BIT_CONVERSION = YES;
				GCC_WARN_ABOUT_RETURN_TYPE = YES_ERROR;
				GCC_WARN_UNDECLARED_SELECTOR = YES;
				GCC_WARN_UNINITIALIZED_AUTOS = YES_AGGRESSIVE;
				GCC_WARN_UNUSED_FUNCTION = YES;
				GCC_WARN_UNUSED_VARIABLE = YES;
				IPHONEOS_DEPLOYMENT_TARGET = 17.0;
				MTL_ENABLE_DEBUG_INFO = NO;
				MTL_FAST_MATH = YES;
				PRODUCT_NAME = "$(TARGET_NAME)";
				SDKROOT = iphoneos;
				STRING_CATALOG_GENERATE_SYMBOLS = YES;
				SWIFT_COMPILATION_MODE = wholemodule;
				SWIFT_OPTIMIZATION_LEVEL = "-O";
				SWIFT_VERSION = 5.0;
			};
			name = Release;
		};
		B246E713E7E680A6A46CF704 /* Debug */ = {
			isa = XCBuildConfiguration;
			buildSettings = {
				CLANG_ENABLE_OBJC_WEAK = NO;
				CODE_SIGN_STYLE = Automatic;
				GENERATE_INFOPLIST_FILE = YES;
				IPHONEOS_DEPLOYMENT_TARGET = 17.0;
				PRODUCT_BUNDLE_IDENTIFIER = com.tripreel.uitests;
				SDKROOT = iphoneos;
				SWIFT_VERSION = 5.0;
				TARGETED_DEVICE_FAMILY = 1;
				TEST_TARGET_NAME = TripReel;
			};
			name = Debug;
		};
		B7A8479C7FA9595388A6F638 /* Release */ = {
			isa = XCBuildConfiguration;
			buildSettings = {
				CLANG_ENABLE_OBJC_WEAK = NO;
				CODE_SIGN_STYLE = Automatic;
				GENERATE_INFOPLIST_FILE = YES;
				IPHONEOS_DEPLOYMENT_TARGET = 17.0;
				PRODUCT_BUNDLE_IDENTIFIER = com.tripreel.uitests;
				SDKROOT = iphoneos;
				SWIFT_VERSION = 5.0;
				TARGETED_DEVICE_FAMILY = 1;
				TEST_TARGET_NAME = TripReel;
				VALIDATE_PRODUCT = YES;
			};
			name = Release;
		};
/* End XCBuildConfiguration section */

/* Begin XCConfigurationList section */
		1267793BA70B39655284BD02 /* Build configuration list for PBXNativeTarget "TripReel" */ = {
			isa = XCConfigurationList;
			buildConfigurations = (
				6DCEF1C7565D693D828EE2EA /* Release */,
				2FE41DD30CA9769F98B4D768 /* Debug */,
			);
			defaultConfigurationIsVisible = 0;
			defaultConfigurationName = Release;
		};
		48D7CF92D1AC5890FE1D8DD7 /* Build configuration list for PBXNativeTarget "TripReelTests" */ = {
			isa = XCConfigurationList;
			buildConfigurations = (
				21F8A7F8DA822FCB1F47930E /* Release */,
				09ED5AC6990CFC6CDAF6C99A /* Debug */,
			);
			defaultConfigurationIsVisible = 0;
			defaultConfigurationName = Release;
		};
		8C58D7D320004A0931940CBB /* Build configuration list for PBXNativeTarget "TripReelUITests" */ = {
			isa = XCConfigurationList;
			buildConfigurations = (
				B7A8479C7FA9595388A6F638 /* Release */,
				B246E713E7E680A6A46CF704 /* Debug */,
			);
			defaultConfigurationIsVisible = 0;
			defaultConfigurationName = Release;
		};
		C6B523492E9D3B154E4E3304 /* Build configuration list for PBXProject "TripReel" */ = {
			isa = XCConfigurationList;
			buildConfigurations = (
				3664D78D8487C7F0287D8B03 /* Debug */,
				8DCFE089DDE7D6EEB45EB966 /* Release */,
			);
			defaultConfigurationIsVisible = 0;
			defaultConfigurationName = Release;
		};
/* End XCConfigurationList section */

/* Begin XCRemoteSwiftPackageReference section */
		A1B2C3D4E5F60718293A4B04 /* XCRemoteSwiftPackageReference "purchases-ios-spm" */ = {
			isa = XCRemoteSwiftPackageReference;
			repositoryURL = "https://github.com/RevenueCat/purchases-ios-spm.git";
			requirement = {
				kind = upToNextMajorVersion;
				minimumVersion = 5.43.0;
			};
		};
/* End XCRemoteSwiftPackageReference section */

/* Begin XCSwiftPackageProductDependency section */
		A1B2C3D4E5F60718293A4B05 /* RevenueCat */ = {
			isa = XCSwiftPackageProductDependency;
			package = A1B2C3D4E5F60718293A4B04 /* XCRemoteSwiftPackageReference "purchases-ios-spm" */;
			productName = RevenueCat;
		};
/* End XCSwiftPackageProductDependency section */
	};
	rootObject = 480CA8818CC194FF590467B2 /* Project object */;
}
