// !$*UTF8*$!
{
	archiveVersion = 1;
	classes = {
	};
	objectVersion = 60;
	objects = {

/* Begin PBXBuildFile section */
		0051539D13E50F4B6E5D40F8 /* CloudPhotoAnalysisTests.swift in Sources */ = {isa = PBXBuildFile; fileRef = 25675F7E95FAF87ADA8F88A8 /* CloudPhotoAnalysisTests.swift */; };
		02F83D5C53011524AE1398C8 /* CloudAnalysisConsentView.swift in Sources */ = {isa = PBXBuildFile; fileRef = 2E31473A3CB33C5D5CB4D6EA /* CloudAnalysisConsentView.swift */; };
		03685A570E3F6167F4875D7E /* SharedViews.swift in Sources */ = {isa = PBXBuildFile; fileRef = F526A17B9CB876B87F47972A /* SharedViews.swift */; };
		08F1A48D4B535D401B68FA98 /* RevenueCatPurchaseService.swift in Sources */ = {isa = PBXBuildFile; fileRef = 76C5668C5272505DD3B61078 /* RevenueCatPurchaseService.swift */; };
		D001A0010000000000000001 /* MemoryAccountService.swift in Sources */ = {isa = PBXBuildFile; fileRef = D001B0010000000000000001 /* MemoryAccountService.swift */; };
		D002A0010000000000000001 /* BackgroundExportSupport.swift in Sources */ = {isa = PBXBuildFile; fileRef = D002B0010000000000000001 /* BackgroundExportSupport.swift */; };
		D003A0010000000000000001 /* SupabaseResumableUploader.swift in Sources */ = {isa = PBXBuildFile; fileRef = D003B0010000000000000001 /* SupabaseResumableUploader.swift */; };
		D004A0010000000000000001 /* MemoryExpiryNotificationScheduler.swift in Sources */ = {isa = PBXBuildFile; fileRef = D004B0010000000000000001 /* MemoryExpiryNotificationScheduler.swift */; };
		D001A0020000000000000002 /* AccountScreens.swift in Sources */ = {isa = PBXBuildFile; fileRef = D001B0020000000000000002 /* AccountScreens.swift */; };
		D001A0030000000000000003 /* Supabase in Frameworks */ = {isa = PBXBuildFile; productRef = D001D0010000000000000001 /* Supabase */; };
		0A4F7E98489685E12080D9A3 /* Assets.xcassets in Resources */ = {isa = PBXBuildFile; fileRef = 6E06F6111F0C8AD43B9C48E2 /* Assets.xcassets */; };
		0EDA64CF8785CC6C2F226193 /* PhotoAnalysisThumbnailService.swift in Sources */ = {isa = PBXBuildFile; fileRef = F4E142A91FFE69ADCC2046A2 /* PhotoAnalysisThumbnailService.swift */; };
		18DD83CD21CFB3C78C70DEEC /* Foundation.framework in Frameworks */ = {isa = PBXBuildFile; fileRef = 4EB0F34B3CF71F2806BAAB30 /* Foundation.framework */; };
		23AD737AE0ABFCB3D7D6FF6E /* TripGrouping.swift in Sources */ = {isa = PBXBuildFile; fileRef = CCF0A0C89D6083462203E304 /* TripGrouping.swift */; };
		2B8D4CF3A0FF1D5324DDABAA /* InstrumentSerif-Regular.ttf in Resources */ = {isa = PBXBuildFile; fileRef = 80473A080308842FCD6870AD /* InstrumentSerif-Regular.ttf */; };
		2BB6291452B54692392A9F23 /* OnboardingScreens.swift in Sources */ = {isa = PBXBuildFile; fileRef = 2A57E34712EFD0DD1025208F /* OnboardingScreens.swift */; };
		2C6BF9CD25258C59828DC3B3 /* InstrumentSerif-Italic.ttf in Resources */ = {isa = PBXBuildFile; fileRef = 3D414F8959D6FEE8A70349AD /* InstrumentSerif-Italic.ttf */; };
		35E883DB509955329DED8640 /* TripReelVideoExporter.swift in Sources */ = {isa = PBXBuildFile; fileRef = EAF530D141430C09137C32C7 /* TripReelVideoExporter.swift */; };
		37BFF96220D40B74CD29FBA9 /* Foundation.framework in Frameworks */ = {isa = PBXBuildFile; fileRef = 4EB0F34B3CF71F2806BAAB30 /* Foundation.framework */; };
		3B4A11DA4BE48011D11B85C1 /* RootView.swift in Sources */ = {isa = PBXBuildFile; fileRef = A0C94F14F52801D7DCE17C75 /* RootView.swift */; };
		5755EEFD80FB36C7703B5B96 /* TripReelFlowUITests.swift in Sources */ = {isa = PBXBuildFile; fileRef = 059870F64127AA1BE632B323 /* TripReelFlowUITests.swift */; };
		687F5FA6FDAC27C9414A4DDE /* ExportScreens.swift in Sources */ = {isa = PBXBuildFile; fileRef = 5681D75E1E86891BDECE3997 /* ExportScreens.swift */; };
		6C3BEAAD6DA3D3ECD925CAB9 /* NativePhotoIntelligenceScoringTests.swift in Sources */ = {isa = PBXBuildFile; fileRef = 1B301E1EDA2D10979D744E47 /* NativePhotoIntelligenceScoringTests.swift */; };
		72E3BEFBF2F945D1DF8A800B /* ManualPhotoImportService.swift in Sources */ = {isa = PBXBuildFile; fileRef = 38F5890AB8C2E965880D2553 /* ManualPhotoImportService.swift */; };
		851D1B4F590B8BF08AEC47AF /* TripReelApp.swift in Sources */ = {isa = PBXBuildFile; fileRef = D9A9452F84C898CD7289CF2B /* TripReelApp.swift */; };
		85C007FCA74FAA0AC38A3F12 /* SmartPhotoSelectionFlowTests.swift in Sources */ = {isa = PBXBuildFile; fileRef = 4EEF1AFDCA123610B9B22C21 /* SmartPhotoSelectionFlowTests.swift */; };
		875A9B676BD2D3650BCE2D80 /* MUSIC-CREDITS.txt in Resources */ = {isa = PBXBuildFile; fileRef = 567470BEAC185113F7A0A28A /* MUSIC-CREDITS.txt */; };
		90621E500B9836F2FFD23AAD /* PhotoLibraryService.swift in Sources */ = {isa = PBXBuildFile; fileRef = 27CAF64BD055FC38101DD307 /* PhotoLibraryService.swift */; };
		92ADF9179B86A26013A97E9B /* simplicity.m4a in Resources */ = {isa = PBXBuildFile; fileRef = D45ECD6526E214F3BDFCC42D /* simplicity.m4a */; };
		9AFB23DDC4626709D361EC58 /* SmartPhotoSelection.swift in Sources */ = {isa = PBXBuildFile; fileRef = 15DD6BE9BDEF8E825B997C3E /* SmartPhotoSelection.swift */; };
		9EC882DACECF2F8078BF5600 /* TripScreens.swift in Sources */ = {isa = PBXBuildFile; fileRef = 6DA8E50F9CDC9703D7FDC062 /* TripScreens.swift */; };
		AA3BD6F366CED97431AA27C5 /* NativePhotoIntelligenceService.swift in Sources */ = {isa = PBXBuildFile; fileRef = 2BF8CDD509ED8A6C2514BEB2 /* NativePhotoIntelligenceService.swift */; };
		AB66129FE07CFE72D421AB42 /* AppAttestCloudPhotoAnalysisAuthorizer.swift in Sources */ = {isa = PBXBuildFile; fileRef = 4285DDAC61479620E0552662 /* AppAttestCloudPhotoAnalysisAuthorizer.swift */; };
		B3169B1B6FD27997D20D19DE /* PrivacyInfo.xcprivacy in Resources */ = {isa = PBXBuildFile; fileRef = DBCE38FF568715BF2E9E1EAE /* PrivacyInfo.xcprivacy */; };
		B78502530C9BEFDEDF8FD390 /* EditingScreens.swift in Sources */ = {isa = PBXBuildFile; fileRef = 4AFF49FDB74E5D692B22CD8E /* EditingScreens.swift */; };
		C160733D4EE023CCA4219DDF /* TripReelModelTests.swift in Sources */ = {isa = PBXBuildFile; fileRef = 514E48831466234832E8F7CA /* TripReelModelTests.swift */; };
		C2C204742856C5D771777530 /* wanderlust.m4a in Resources */ = {isa = PBXBuildFile; fileRef = 059FE7E4866A8AF9CF013B9E /* wanderlust.m4a */; };
		C673ACCFF1537DA4A97674F6 /* RevenueCat in Frameworks */ = {isa = PBXBuildFile; productRef = 4F8620EA062890F4FA07143A /* RevenueCat */; };
		C7FE538F6A59DBDBEA1BBA29 /* castles-in-the-sky.m4a in Resources */ = {isa = PBXBuildFile; fileRef = 00AC7EA28FBF9CEB7EAAAD54 /* castles-in-the-sky.m4a */; };
		C8958BE9458C5EE1BA661721 /* the-long-way-home.m4a in Resources */ = {isa = PBXBuildFile; fileRef = 4B8DCE7DB532068210A25145 /* the-long-way-home.m4a */; };
		CC8801482A60E5A59F3FE24C /* CloudPhotoAnalysisClient.swift in Sources */ = {isa = PBXBuildFile; fileRef = 271E1C6E5E133D11AB2DBF3B /* CloudPhotoAnalysisClient.swift */; };
		CE2639601FAB8F02C58C9DC8 /* TripReelPrivacyPolicyView.swift in Sources */ = {isa = PBXBuildFile; fileRef = 0790BF103B7A3F60D1828A93 /* TripReelPrivacyPolicyView.swift */; };
		DFBF2A0C999CE791602EB8C5 /* SmartPhotoSelectionViews.swift in Sources */ = {isa = PBXBuildFile; fileRef = F425231C9A13610395A5BB50 /* SmartPhotoSelectionViews.swift */; };
		E4A813791061F771EC9D1A25 /* TripGroupingTests.swift in Sources */ = {isa = PBXBuildFile; fileRef = 7261FAE6F1429F10FCF6B0FB /* TripGroupingTests.swift */; };
		E97038C3F926C35A8BBD102D /* Foundation.framework in Frameworks */ = {isa = PBXBuildFile; fileRef = 4EB0F34B3CF71F2806BAAB30 /* Foundation.framework */; };
		F2A82F10265542743CBC6976 /* TripReelTheme.swift in Sources */ = {isa = PBXBuildFile; fileRef = 7D36F5DCECE1CE1B1A95D046 /* TripReelTheme.swift */; };
		FB8FB1D1717158D9392252F2 /* TripReelModel.swift in Sources */ = {isa = PBXBuildFile; fileRef = 7B4CEA6A7E939EDB475F36B9 /* TripReelModel.swift */; };
/* End PBXBuildFile section */

/* Begin PBXContainerItemProxy section */
		EA0BC063B6C0C5658EF660BC /* PBXContainerItemProxy */ = {
			isa = PBXContainerItemProxy;
			containerPortal = A6AF8EF91147FB63D9898C19 /* Project object */;
			proxyType = 1;
			remoteGlobalIDString = 3A9E01FAC685D86E155A82E1;
			remoteInfo = TripReel;
		};
		F59A829E57A3E5C11A0AEBC6 /* PBXContainerItemProxy */ = {
			isa = PBXContainerItemProxy;
			containerPortal = A6AF8EF91147FB63D9898C19 /* Project object */;
			proxyType = 1;
			remoteGlobalIDString = 3A9E01FAC685D86E155A82E1;
			remoteInfo = TripReel;
		};
/* End PBXContainerItemProxy section */

/* Begin PBXFileReference section */
		00AC7EA28FBF9CEB7EAAAD54 /* castles-in-the-sky.m4a */ = {isa = PBXFileReference; includeInIndex = 1; name = "castles-in-the-sky.m4a"; path = "Resources/Music/castles-in-the-sky.m4a"; sourceTree = "<group>"; };
		059870F64127AA1BE632B323 /* TripReelFlowUITests.swift */ = {isa = PBXFileReference; includeInIndex = 1; lastKnownFileType = sourcecode.swift; path = TripReelFlowUITests.swift; sourceTree = "<group>"; };
		059FE7E4866A8AF9CF013B9E /* wanderlust.m4a */ = {isa = PBXFileReference; includeInIndex = 1; name = wanderlust.m4a; path = Resources/Music/wanderlust.m4a; sourceTree = "<group>"; };
		0790BF103B7A3F60D1828A93 /* TripReelPrivacyPolicyView.swift */ = {isa = PBXFileReference; includeInIndex = 1; lastKnownFileType = sourcecode.swift; name = TripReelPrivacyPolicyView.swift; path = Screens/TripReelPrivacyPolicyView.swift; sourceTree = "<group>"; };
		15DD6BE9BDEF8E825B997C3E /* SmartPhotoSelection.swift */ = {isa = PBXFileReference; includeInIndex = 1; lastKnownFileType = sourcecode.swift; name = SmartPhotoSelection.swift; path = Models/SmartPhotoSelection.swift; sourceTree = "<group>"; };
		15E226F655A7BA982EC4E231 /* Info.plist */ = {isa = PBXFileReference; includeInIndex = 1; lastKnownFileType = text.plist.xml; name = Info.plist; path = Resources/Info.plist; sourceTree = "<group>"; };
		1B301E1EDA2D10979D744E47 /* NativePhotoIntelligenceScoringTests.swift */ = {isa = PBXFileReference; includeInIndex = 1; lastKnownFileType = sourcecode.swift; path = NativePhotoIntelligenceScoringTests.swift; sourceTree = "<group>"; };
		25675F7E95FAF87ADA8F88A8 /* CloudPhotoAnalysisTests.swift */ = {isa = PBXFileReference; includeInIndex = 1; lastKnownFileType = sourcecode.swift; path = CloudPhotoAnalysisTests.swift; sourceTree = "<group>"; };
		271E1C6E5E133D11AB2DBF3B /* CloudPhotoAnalysisClient.swift */ = {isa = PBXFileReference; includeInIndex = 1; lastKnownFileType = sourcecode.swift; name = CloudPhotoAnalysisClient.swift; path = Models/CloudPhotoAnalysisClient.swift; sourceTree = "<group>"; };
		27CAF64BD055FC38101DD307 /* PhotoLibraryService.swift */ = {isa = PBXFileReference; includeInIndex = 1; lastKnownFileType = sourcecode.swift; name = PhotoLibraryService.swift; path = Models/PhotoLibraryService.swift; sourceTree = "<group>"; };
		2A57E34712EFD0DD1025208F /* OnboardingScreens.swift */ = {isa = PBXFileReference; includeInIndex = 1; lastKnownFileType = sourcecode.swift; name = OnboardingScreens.swift; path = Screens/OnboardingScreens.swift; sourceTree = "<group>"; };
		2BF8CDD509ED8A6C2514BEB2 /* NativePhotoIntelligenceService.swift */ = {isa = PBXFileReference; includeInIndex = 1; lastKnownFileType = sourcecode.swift; name = NativePhotoIntelligenceService.swift; path = Models/NativePhotoIntelligenceService.swift; sourceTree = "<group>"; };
		2E31473A3CB33C5D5CB4D6EA /* CloudAnalysisConsentView.swift */ = {isa = PBXFileReference; includeInIndex = 1; lastKnownFileType = sourcecode.swift; name = CloudAnalysisConsentView.swift; path = Screens/CloudAnalysisConsentView.swift; sourceTree = "<group>"; };
		38F5890AB8C2E965880D2553 /* ManualPhotoImportService.swift */ = {isa = PBXFileReference; includeInIndex = 1; lastKnownFileType = sourcecode.swift; name = ManualPhotoImportService.swift; path = Models/ManualPhotoImportService.swift; sourceTree = "<group>"; };
		3AA787F8EA870F39698EBBFE /* TripReelTests.xctest */ = {isa = PBXFileReference; explicitFileType = wrapper.cfbundle; includeInIndex = 0; path = TripReelTests.xctest; sourceTree = BUILT_PRODUCTS_DIR; };
		3D414F8959D6FEE8A70349AD /* InstrumentSerif-Italic.ttf */ = {isa = PBXFileReference; includeInIndex = 1; name = "InstrumentSerif-Italic.ttf"; path = "Resources/Fonts/InstrumentSerif-Italic.ttf"; sourceTree = "<group>"; };
		4285DDAC61479620E0552662 /* AppAttestCloudPhotoAnalysisAuthorizer.swift */ = {isa = PBXFileReference; includeInIndex = 1; lastKnownFileType = sourcecode.swift; name = AppAttestCloudPhotoAnalysisAuthorizer.swift; path = Models/AppAttestCloudPhotoAnalysisAuthorizer.swift; sourceTree = "<group>"; };
		4AFF49FDB74E5D692B22CD8E /* EditingScreens.swift */ = {isa = PBXFileReference; includeInIndex = 1; lastKnownFileType = sourcecode.swift; name = EditingScreens.swift; path = Screens/EditingScreens.swift; sourceTree = "<group>"; };
		4B8DCE7DB532068210A25145 /* the-long-way-home.m4a */ = {isa = PBXFileReference; includeInIndex = 1; name = "the-long-way-home.m4a"; path = "Resources/Music/the-long-way-home.m4a"; sourceTree = "<group>"; };
		4EB0F34B3CF71F2806BAAB30 /* Foundation.framework */ = {isa = PBXFileReference; lastKnownFileType = wrapper.framework; name = Foundation.framework; path = Platforms/iPhoneOS.platform/Developer/SDKs/iPhoneOS14.0.sdk/System/Library/Frameworks/Foundation.framework; sourceTree = DEVELOPER_DIR; };
		4EEF1AFDCA123610B9B22C21 /* SmartPhotoSelectionFlowTests.swift */ = {isa = PBXFileReference; includeInIndex = 1; lastKnownFileType = sourcecode.swift; path = SmartPhotoSelectionFlowTests.swift; sourceTree = "<group>"; };
		514E48831466234832E8F7CA /* TripReelModelTests.swift */ = {isa = PBXFileReference; includeInIndex = 1; lastKnownFileType = sourcecode.swift; path = TripReelModelTests.swift; sourceTree = "<group>"; };
		567470BEAC185113F7A0A28A /* MUSIC-CREDITS.txt */ = {isa = PBXFileReference; includeInIndex = 1; name = "MUSIC-CREDITS.txt"; path = "Resources/Music/MUSIC-CREDITS.txt"; sourceTree = "<group>"; };
		5681D75E1E86891BDECE3997 /* ExportScreens.swift */ = {isa = PBXFileReference; includeInIndex = 1; lastKnownFileType = sourcecode.swift; name = ExportScreens.swift; path = Screens/ExportScreens.swift; sourceTree = "<group>"; };
		63CBE16D649EB6FFA3FDBC6D /* TripReel.entitlements */ = {isa = PBXFileReference; includeInIndex = 1; lastKnownFileType = text.plist.entitlements; name = TripReel.entitlements; path = Resources/TripReel.entitlements; sourceTree = "<group>"; };
		6DA8E50F9CDC9703D7FDC062 /* TripScreens.swift */ = {isa = PBXFileReference; includeInIndex = 1; lastKnownFileType = sourcecode.swift; name = TripScreens.swift; path = Screens/TripScreens.swift; sourceTree = "<group>"; };
		6E06F6111F0C8AD43B9C48E2 /* Assets.xcassets */ = {isa = PBXFileReference; includeInIndex = 1; lastKnownFileType = folder.assetcatalog; name = Assets.xcassets; path = Resources/Assets.xcassets; sourceTree = "<group>"; };
		7261FAE6F1429F10FCF6B0FB /* TripGroupingTests.swift */ = {isa = PBXFileReference; includeInIndex = 1; lastKnownFileType = sourcecode.swift; path = TripGroupingTests.swift; sourceTree = "<group>"; };
		76C5668C5272505DD3B61078 /* RevenueCatPurchaseService.swift */ = {isa = PBXFileReference; includeInIndex = 1; lastKnownFileType = sourcecode.swift; name = RevenueCatPurchaseService.swift; path = Models/RevenueCatPurchaseService.swift; sourceTree = "<group>"; };
		D001B0010000000000000001 /* MemoryAccountService.swift */ = {isa = PBXFileReference; includeInIndex = 1; lastKnownFileType = sourcecode.swift; name = MemoryAccountService.swift; path = Models/MemoryAccountService.swift; sourceTree = "<group>"; };
		D002B0010000000000000001 /* BackgroundExportSupport.swift */ = {isa = PBXFileReference; includeInIndex = 1; lastKnownFileType = sourcecode.swift; name = BackgroundExportSupport.swift; path = Models/BackgroundExportSupport.swift; sourceTree = "<group>"; };
		D003B0010000000000000001 /* SupabaseResumableUploader.swift */ = {isa = PBXFileReference; includeInIndex = 1; lastKnownFileType = sourcecode.swift; name = SupabaseResumableUploader.swift; path = Models/SupabaseResumableUploader.swift; sourceTree = "<group>"; };
		D004B0010000000000000001 /* MemoryExpiryNotificationScheduler.swift */ = {isa = PBXFileReference; includeInIndex = 1; lastKnownFileType = sourcecode.swift; name = MemoryExpiryNotificationScheduler.swift; path = Models/MemoryExpiryNotificationScheduler.swift; sourceTree = "<group>"; };
		D001B0020000000000000002 /* AccountScreens.swift */ = {isa = PBXFileReference; includeInIndex = 1; lastKnownFileType = sourcecode.swift; name = AccountScreens.swift; path = Screens/AccountScreens.swift; sourceTree = "<group>"; };
		7B4CEA6A7E939EDB475F36B9 /* TripReelModel.swift */ = {isa = PBXFileReference; includeInIndex = 1; lastKnownFileType = sourcecode.swift; name = TripReelModel.swift; path = Models/TripReelModel.swift; sourceTree = "<group>"; };
		7D36F5DCECE1CE1B1A95D046 /* TripReelTheme.swift */ = {isa = PBXFileReference; includeInIndex = 1; lastKnownFileType = sourcecode.swift; name = TripReelTheme.swift; path = DesignSystem/TripReelTheme.swift; sourceTree = "<group>"; };
		80473A080308842FCD6870AD /* InstrumentSerif-Regular.ttf */ = {isa = PBXFileReference; includeInIndex = 1; name = "InstrumentSerif-Regular.ttf"; path = "Resources/Fonts/InstrumentSerif-Regular.ttf"; sourceTree = "<group>"; };
		8A2040FAA5B9327ABA708A6D /* OFL-InstrumentSerif.txt */ = {isa = PBXFileReference; includeInIndex = 1; name = "OFL-InstrumentSerif.txt"; path = "Resources/Fonts/OFL-InstrumentSerif.txt"; sourceTree = "<group>"; };
		A0C94F14F52801D7DCE17C75 /* RootView.swift */ = {isa = PBXFileReference; includeInIndex = 1; lastKnownFileType = sourcecode.swift; name = RootView.swift; path = App/RootView.swift; sourceTree = "<group>"; };
		CCF0A0C89D6083462203E304 /* TripGrouping.swift */ = {isa = PBXFileReference; includeInIndex = 1; lastKnownFileType = sourcecode.swift; name = TripGrouping.swift; path = Models/TripGrouping.swift; sourceTree = "<group>"; };
		CF4E819C7DE6A74BC6011E33 /* TripReel.app */ = {isa = PBXFileReference; explicitFileType = wrapper.application; includeInIndex = 0; name = TripReel.app; path = TripReel.app; sourceTree = BUILT_PRODUCTS_DIR; };
		D330E6E20A8C49690476D769 /* TripReelUITests.xctest */ = {isa = PBXFileReference; explicitFileType = wrapper.cfbundle; includeInIndex = 0; path = TripReelUITests.xctest; sourceTree = BUILT_PRODUCTS_DIR; };
		D45ECD6526E214F3BDFCC42D /* simplicity.m4a */ = {isa = PBXFileReference; includeInIndex = 1; name = simplicity.m4a; path = Resources/Music/simplicity.m4a; sourceTree = "<group>"; };
		D9A9452F84C898CD7289CF2B /* TripReelApp.swift */ = {isa = PBXFileReference; includeInIndex = 1; lastKnownFileType = sourcecode.swift; name = TripReelApp.swift; path = App/TripReelApp.swift; sourceTree = "<group>"; };
		DBCE38FF568715BF2E9E1EAE /* PrivacyInfo.xcprivacy */ = {isa = PBXFileReference; includeInIndex = 1; name = PrivacyInfo.xcprivacy; path = Resources/PrivacyInfo.xcprivacy; sourceTree = "<group>"; };
		EAF530D141430C09137C32C7 /* TripReelVideoExporter.swift */ = {isa = PBXFileReference; includeInIndex = 1; lastKnownFileType = sourcecode.swift; name = TripReelVideoExporter.swift; path = Models/TripReelVideoExporter.swift; sourceTree = "<group>"; };
		F425231C9A13610395A5BB50 /* SmartPhotoSelectionViews.swift */ = {isa = PBXFileReference; includeInIndex = 1; lastKnownFileType = sourcecode.swift; name = SmartPhotoSelectionViews.swift; path = Screens/SmartPhotoSelectionViews.swift; sourceTree = "<group>"; };
		F4E142A91FFE69ADCC2046A2 /* PhotoAnalysisThumbnailService.swift */ = {isa = PBXFileReference; includeInIndex = 1; lastKnownFileType = sourcecode.swift; name = PhotoAnalysisThumbnailService.swift; path = Models/PhotoAnalysisThumbnailService.swift; sourceTree = "<group>"; };
		F526A17B9CB876B87F47972A /* SharedViews.swift */ = {isa = PBXFileReference; includeInIndex = 1; lastKnownFileType = sourcecode.swift; name = SharedViews.swift; path = Components/SharedViews.swift; sourceTree = "<group>"; };
/* End PBXFileReference section */

/* Begin PBXFrameworksBuildPhase section */
		3D469BE7596A2D8C421AEBA2 /* Frameworks */ = {
			isa = PBXFrameworksBuildPhase;
			buildActionMask = 2147483647;
			files = (
				18DD83CD21CFB3C78C70DEEC /* Foundation.framework in Frameworks */,
			);
			runOnlyForDeploymentPostprocessing = 0;
		};
		585C2DFB3FF2902A599B81E1 /* Frameworks */ = {
			isa = PBXFrameworksBuildPhase;
			buildActionMask = 2147483647;
			files = (
				37BFF96220D40B74CD29FBA9 /* Foundation.framework in Frameworks */,
			);
			runOnlyForDeploymentPostprocessing = 0;
		};
		9A91ACB0AEEFADB9210CA4F7 /* Frameworks */ = {
			isa = PBXFrameworksBuildPhase;
			buildActionMask = 2147483647;
			files = (
				E97038C3F926C35A8BBD102D /* Foundation.framework in Frameworks */,
				C673ACCFF1537DA4A97674F6 /* RevenueCat in Frameworks */,
				D001A0030000000000000003 /* Supabase in Frameworks */,
			);
			runOnlyForDeploymentPostprocessing = 0;
		};
/* End PBXFrameworksBuildPhase section */

/* Begin PBXGroup section */
		03C920BB0471088C01D4AEBA /* Products */ = {
			isa = PBXGroup;
			children = (
				CF4E819C7DE6A74BC6011E33 /* TripReel.app */,
				3AA787F8EA870F39698EBBFE /* TripReelTests.xctest */,
				D330E6E20A8C49690476D769 /* TripReelUITests.xctest */,
			);
			name = Products;
			sourceTree = "<group>";
		};
		47D6FAC63CCF5925BB973638 /* TripReelUITests */ = {
			isa = PBXGroup;
			children = (
				059870F64127AA1BE632B323 /* TripReelFlowUITests.swift */,
			);
			name = TripReelUITests;
			path = TripReelUITests;
			sourceTree = "<group>";
		};
		4DE7902901DD1B53E5D9DF53 /* TripReelTests */ = {
			isa = PBXGroup;
			children = (
				25675F7E95FAF87ADA8F88A8 /* CloudPhotoAnalysisTests.swift */,
				1B301E1EDA2D10979D744E47 /* NativePhotoIntelligenceScoringTests.swift */,
				4EEF1AFDCA123610B9B22C21 /* SmartPhotoSelectionFlowTests.swift */,
				7261FAE6F1429F10FCF6B0FB /* TripGroupingTests.swift */,
				514E48831466234832E8F7CA /* TripReelModelTests.swift */,
			);
			name = TripReelTests;
			path = TripReelTests;
			sourceTree = "<group>";
		};
		623E839C444C1ADA3044DCEE = {
			isa = PBXGroup;
			children = (
				03C920BB0471088C01D4AEBA /* Products */,
				CDA886CFFA223B36ED15A3DA /* Frameworks */,
				FD084D633CE5B7A4337A0560 /* TripReel */,
				4DE7902901DD1B53E5D9DF53 /* TripReelTests */,
				47D6FAC63CCF5925BB973638 /* TripReelUITests */,
			);
			sourceTree = "<group>";
		};
		BDA42F4AD589BF049BEE83F8 /* iOS */ = {
			isa = PBXGroup;
			children = (
				4EB0F34B3CF71F2806BAAB30 /* Foundation.framework */,
			);
			name = iOS;
			sourceTree = "<group>";
		};
		CDA886CFFA223B36ED15A3DA /* Frameworks */ = {
			isa = PBXGroup;
			children = (
				BDA42F4AD589BF049BEE83F8 /* iOS */,
			);
			name = Frameworks;
			sourceTree = "<group>";
		};
		FD084D633CE5B7A4337A0560 /* TripReel */ = {
			isa = PBXGroup;
			children = (
				A0C94F14F52801D7DCE17C75 /* RootView.swift */,
				D9A9452F84C898CD7289CF2B /* TripReelApp.swift */,
				F526A17B9CB876B87F47972A /* SharedViews.swift */,
				7D36F5DCECE1CE1B1A95D046 /* TripReelTheme.swift */,
				4285DDAC61479620E0552662 /* AppAttestCloudPhotoAnalysisAuthorizer.swift */,
				271E1C6E5E133D11AB2DBF3B /* CloudPhotoAnalysisClient.swift */,
				38F5890AB8C2E965880D2553 /* ManualPhotoImportService.swift */,
				2BF8CDD509ED8A6C2514BEB2 /* NativePhotoIntelligenceService.swift */,
				F4E142A91FFE69ADCC2046A2 /* PhotoAnalysisThumbnailService.swift */,
				27CAF64BD055FC38101DD307 /* PhotoLibraryService.swift */,
				76C5668C5272505DD3B61078 /* RevenueCatPurchaseService.swift */,
				D001B0010000000000000001 /* MemoryAccountService.swift */,
				D002B0010000000000000001 /* BackgroundExportSupport.swift */,
				D003B0010000000000000001 /* SupabaseResumableUploader.swift */,
				D004B0010000000000000001 /* MemoryExpiryNotificationScheduler.swift */,
				15DD6BE9BDEF8E825B997C3E /* SmartPhotoSelection.swift */,
				CCF0A0C89D6083462203E304 /* TripGrouping.swift */,
				7B4CEA6A7E939EDB475F36B9 /* TripReelModel.swift */,
				EAF530D141430C09137C32C7 /* TripReelVideoExporter.swift */,
				2E31473A3CB33C5D5CB4D6EA /* CloudAnalysisConsentView.swift */,
				4AFF49FDB74E5D692B22CD8E /* EditingScreens.swift */,
				5681D75E1E86891BDECE3997 /* ExportScreens.swift */,
				D001B0020000000000000002 /* AccountScreens.swift */,
				2A57E34712EFD0DD1025208F /* OnboardingScreens.swift */,
				F425231C9A13610395A5BB50 /* SmartPhotoSelectionViews.swift */,
				0790BF103B7A3F60D1828A93 /* TripReelPrivacyPolicyView.swift */,
				6DA8E50F9CDC9703D7FDC062 /* TripScreens.swift */,
				6E06F6111F0C8AD43B9C48E2 /* Assets.xcassets */,
				DBCE38FF568715BF2E9E1EAE /* PrivacyInfo.xcprivacy */,
				80473A080308842FCD6870AD /* InstrumentSerif-Regular.ttf */,
				3D414F8959D6FEE8A70349AD /* InstrumentSerif-Italic.ttf */,
				567470BEAC185113F7A0A28A /* MUSIC-CREDITS.txt */,
				00AC7EA28FBF9CEB7EAAAD54 /* castles-in-the-sky.m4a */,
				D45ECD6526E214F3BDFCC42D /* simplicity.m4a */,
				4B8DCE7DB532068210A25145 /* the-long-way-home.m4a */,
				059FE7E4866A8AF9CF013B9E /* wanderlust.m4a */,
				15E226F655A7BA982EC4E231 /* Info.plist */,
				63CBE16D649EB6FFA3FDBC6D /* TripReel.entitlements */,
				8A2040FAA5B9327ABA708A6D /* OFL-InstrumentSerif.txt */,
			);
			name = TripReel;
			path = TripReel;
			sourceTree = "<group>";
		};
/* End PBXGroup section */

/* Begin PBXNativeTarget section */
		3A9E01FAC685D86E155A82E1 /* TripReel */ = {
			isa = PBXNativeTarget;
			buildConfigurationList = BADB8EAD1A4D0C2BD89DB155 /* Build configuration list for PBXNativeTarget "TripReel" */;
			buildPhases = (
				41835CE300374DFD9E6DA0A2 /* Sources */,
				9A91ACB0AEEFADB9210CA4F7 /* Frameworks */,
				91FCE0480414095D4A3E83B5 /* Resources */,
			);
			buildRules = (
			);
			dependencies = (
			);
			name = TripReel;
			packageProductDependencies = (
				4F8620EA062890F4FA07143A /* RevenueCat */,
				D001D0010000000000000001 /* Supabase */,
			);
			productName = TripReel;
			productReference = CF4E819C7DE6A74BC6011E33 /* TripReel.app */;
			productType = "com.apple.product-type.application";
		};
		9439EF4AAE25E0F2B4FFB2A4 /* TripReelTests */ = {
			isa = PBXNativeTarget;
			buildConfigurationList = 1273C38315241BA426DA0D0C /* Build configuration list for PBXNativeTarget "TripReelTests" */;
			buildPhases = (
				A633A9A0201C1DCD93BC7771 /* Sources */,
				3D469BE7596A2D8C421AEBA2 /* Frameworks */,
				D9EBEAD976F074C681601549 /* Resources */,
			);
			buildRules = (
			);
			dependencies = (
				44B7C331F58BE288608A352E /* PBXTargetDependency */,
			);
			name = TripReelTests;
			productName = TripReelTests;
			productReference = 3AA787F8EA870F39698EBBFE /* TripReelTests.xctest */;
			productType = "com.apple.product-type.bundle.unit-test";
		};
		FE10979FAD9BE16095C5CCBB /* TripReelUITests */ = {
			isa = PBXNativeTarget;
			buildConfigurationList = 897F41C5BC4664485AF11771 /* Build configuration list for PBXNativeTarget "TripReelUITests" */;
			buildPhases = (
				6E27DDAB98BBC14F816FAB5B /* Sources */,
				585C2DFB3FF2902A599B81E1 /* Frameworks */,
				A118BCAB28B2EE2BFE29F920 /* Resources */,
			);
			buildRules = (
			);
			dependencies = (
				2F757D6DA774911AA22165A7 /* PBXTargetDependency */,
			);
			name = TripReelUITests;
			productName = TripReelUITests;
			productReference = D330E6E20A8C49690476D769 /* TripReelUITests.xctest */;
			productType = "com.apple.product-type.bundle.ui-testing";
		};
/* End PBXNativeTarget section */

/* Begin PBXProject section */
		A6AF8EF91147FB63D9898C19 /* Project object */ = {
			isa = PBXProject;
			attributes = {
				BuildIndependentTargetsInParallel = YES;
				LastSwiftUpdateCheck = 2660;
				LastUpgradeCheck = 2660;
				TargetAttributes = {
					3A9E01FAC685D86E155A82E1 = {
						CreatedOnToolsVersion = 26.0;
						ProvisioningStyle = Automatic;
						SystemCapabilities = {
							com.apple.SignInWithApple = {
								enabled = 1;
							};
							com.apple.InAppPurchase = {
								enabled = 1;
							};
						};
					};
				};
			};
			buildConfigurationList = 1C5E47FB924F35D91E061851 /* Build configuration list for PBXProject "TripReel" */;
			compatibilityVersion = "Xcode 15.0";
			developmentRegion = en;
			hasScannedForEncodings = 0;
			knownRegions = (
				en,
				Base,
			);
			mainGroup = 623E839C444C1ADA3044DCEE;
			packageReferences = (
				B4BDE843342F447500EE852D /* XCRemoteSwiftPackageReference "purchases-ios-spm" */,
				D001C0010000000000000001 /* XCRemoteSwiftPackageReference "supabase-swift" */,
			);
			productRefGroup = 03C920BB0471088C01D4AEBA /* Products */;
			projectDirPath = "";
			projectRoot = "";
			targets = (
				3A9E01FAC685D86E155A82E1 /* TripReel */,
				9439EF4AAE25E0F2B4FFB2A4 /* TripReelTests */,
				FE10979FAD9BE16095C5CCBB /* TripReelUITests */,
			);
		};
/* End PBXProject section */

/* Begin PBXResourcesBuildPhase section */
		91FCE0480414095D4A3E83B5 /* Resources */ = {
			isa = PBXResourcesBuildPhase;
			buildActionMask = 2147483647;
			files = (
				0A4F7E98489685E12080D9A3 /* Assets.xcassets in Resources */,
				B3169B1B6FD27997D20D19DE /* PrivacyInfo.xcprivacy in Resources */,
				2B8D4CF3A0FF1D5324DDABAA /* InstrumentSerif-Regular.ttf in Resources */,
				2C6BF9CD25258C59828DC3B3 /* InstrumentSerif-Italic.ttf in Resources */,
				875A9B676BD2D3650BCE2D80 /* MUSIC-CREDITS.txt in Resources */,
				C7FE538F6A59DBDBEA1BBA29 /* castles-in-the-sky.m4a in Resources */,
				92ADF9179B86A26013A97E9B /* simplicity.m4a in Resources */,
				C8958BE9458C5EE1BA661721 /* the-long-way-home.m4a in Resources */,
				C2C204742856C5D771777530 /* wanderlust.m4a in Resources */,
			);
			runOnlyForDeploymentPostprocessing = 0;
		};
		A118BCAB28B2EE2BFE29F920 /* Resources */ = {
			isa = PBXResourcesBuildPhase;
			buildActionMask = 2147483647;
			files = (
			);
			runOnlyForDeploymentPostprocessing = 0;
		};
		D9EBEAD976F074C681601549 /* Resources */ = {
			isa = PBXResourcesBuildPhase;
			buildActionMask = 2147483647;
			files = (
			);
			runOnlyForDeploymentPostprocessing = 0;
		};
/* End PBXResourcesBuildPhase section */

/* Begin PBXSourcesBuildPhase section */
		41835CE300374DFD9E6DA0A2 /* Sources */ = {
			isa = PBXSourcesBuildPhase;
			buildActionMask = 2147483647;
			files = (
				3B4A11DA4BE48011D11B85C1 /* RootView.swift in Sources */,
				851D1B4F590B8BF08AEC47AF /* TripReelApp.swift in Sources */,
				03685A570E3F6167F4875D7E /* SharedViews.swift in Sources */,
				F2A82F10265542743CBC6976 /* TripReelTheme.swift in Sources */,
				AB66129FE07CFE72D421AB42 /* AppAttestCloudPhotoAnalysisAuthorizer.swift in Sources */,
				CC8801482A60E5A59F3FE24C /* CloudPhotoAnalysisClient.swift in Sources */,
				72E3BEFBF2F945D1DF8A800B /* ManualPhotoImportService.swift in Sources */,
				AA3BD6F366CED97431AA27C5 /* NativePhotoIntelligenceService.swift in Sources */,
				0EDA64CF8785CC6C2F226193 /* PhotoAnalysisThumbnailService.swift in Sources */,
				90621E500B9836F2FFD23AAD /* PhotoLibraryService.swift in Sources */,
				08F1A48D4B535D401B68FA98 /* RevenueCatPurchaseService.swift in Sources */,
				D001A0010000000000000001 /* MemoryAccountService.swift in Sources */,
				D002A0010000000000000001 /* BackgroundExportSupport.swift in Sources */,
				D003A0010000000000000001 /* SupabaseResumableUploader.swift in Sources */,
				D004A0010000000000000001 /* MemoryExpiryNotificationScheduler.swift in Sources */,
				9AFB23DDC4626709D361EC58 /* SmartPhotoSelection.swift in Sources */,
				23AD737AE0ABFCB3D7D6FF6E /* TripGrouping.swift in Sources */,
				FB8FB1D1717158D9392252F2 /* TripReelModel.swift in Sources */,
				35E883DB509955329DED8640 /* TripReelVideoExporter.swift in Sources */,
				02F83D5C53011524AE1398C8 /* CloudAnalysisConsentView.swift in Sources */,
				B78502530C9BEFDEDF8FD390 /* EditingScreens.swift in Sources */,
				687F5FA6FDAC27C9414A4DDE /* ExportScreens.swift in Sources */,
				D001A0020000000000000002 /* AccountScreens.swift in Sources */,
				2BB6291452B54692392A9F23 /* OnboardingScreens.swift in Sources */,
				DFBF2A0C999CE791602EB8C5 /* SmartPhotoSelectionViews.swift in Sources */,
				CE2639601FAB8F02C58C9DC8 /* TripReelPrivacyPolicyView.swift in Sources */,
				9EC882DACECF2F8078BF5600 /* TripScreens.swift in Sources */,
			);
			runOnlyForDeploymentPostprocessing = 0;
		};
		6E27DDAB98BBC14F816FAB5B /* Sources */ = {
			isa = PBXSourcesBuildPhase;
			buildActionMask = 2147483647;
			files = (
				5755EEFD80FB36C7703B5B96 /* TripReelFlowUITests.swift in Sources */,
			);
			runOnlyForDeploymentPostprocessing = 0;
		};
		A633A9A0201C1DCD93BC7771 /* Sources */ = {
			isa = PBXSourcesBuildPhase;
			buildActionMask = 2147483647;
			files = (
				0051539D13E50F4B6E5D40F8 /* CloudPhotoAnalysisTests.swift in Sources */,
				6C3BEAAD6DA3D3ECD925CAB9 /* NativePhotoIntelligenceScoringTests.swift in Sources */,
				85C007FCA74FAA0AC38A3F12 /* SmartPhotoSelectionFlowTests.swift in Sources */,
				E4A813791061F771EC9D1A25 /* TripGroupingTests.swift in Sources */,
				C160733D4EE023CCA4219DDF /* TripReelModelTests.swift in Sources */,
			);
			runOnlyForDeploymentPostprocessing = 0;
		};
/* End PBXSourcesBuildPhase section */

/* Begin PBXTargetDependency section */
		2F757D6DA774911AA22165A7 /* PBXTargetDependency */ = {
			isa = PBXTargetDependency;
			name = TripReel;
			target = 3A9E01FAC685D86E155A82E1 /* TripReel */;
			targetProxy = EA0BC063B6C0C5658EF660BC /* PBXContainerItemProxy */;
		};
		44B7C331F58BE288608A352E /* PBXTargetDependency */ = {
			isa = PBXTargetDependency;
			name = TripReel;
			target = 3A9E01FAC685D86E155A82E1 /* TripReel */;
			targetProxy = F59A829E57A3E5C11A0AEBC6 /* PBXContainerItemProxy */;
		};
/* End PBXTargetDependency section */

/* Begin XCBuildConfiguration section */
		22DCE3395D494753056DF3A0 /* Debug */ = {
			isa = XCBuildConfiguration;
			buildSettings = {
				ALWAYS_SEARCH_USER_PATHS = NO;
				CLANG_ANALYZER_NONNULL = YES;
				CLANG_ANALYZER_NUMBER_OBJECT_CONVERSION = YES_AGGRESSIVE;
				CLANG_CXX_LANGUAGE_STANDARD = "gnu++14";
				CLANG_CXX_LIBRARY = "libc++";
				CLANG_ENABLE_MODULES = YES;
				CLANG_ENABLE_OBJC_ARC = YES;
				CLANG_ENABLE_OBJC_WEAK = YES;
				CLANG_WARN_BLOCK_CAPTURE_AUTORELEASING = YES;
				CLANG_WARN_BOOL_CONVERSION = YES;
				CLANG_WARN_COMMA = YES;
				CLANG_WARN_CONSTANT_CONVERSION = YES;
				CLANG_WARN_DEPRECATED_OBJC_IMPLEMENTATIONS = YES;
				CLANG_WARN_DIRECT_OBJC_ISA_USAGE = YES_ERROR;
				CLANG_WARN_DOCUMENTATION_COMMENTS = YES;
				CLANG_WARN_EMPTY_BODY = YES;
				CLANG_WARN_ENUM_CONVERSION = YES;
				CLANG_WARN_INFINITE_RECURSION = YES;
				CLANG_WARN_INT_CONVERSION = YES;
				CLANG_WARN_NON_LITERAL_NULL_CONVERSION = YES;
				CLANG_WARN_OBJC_IMPLICIT_RETAIN_SELF = YES;
				CLANG_WARN_OBJC_LITERAL_CONVERSION = YES;
				CLANG_WARN_OBJC_ROOT_CLASS = YES_ERROR;
				CLANG_WARN_QUOTED_INCLUDE_IN_FRAMEWORK_HEADER = YES;
				CLANG_WARN_RANGE_LOOP_ANALYSIS = YES;
				CLANG_WARN_STRICT_PROTOTYPES = YES;
				CLANG_WARN_SUSPICIOUS_MOVE = YES;
				CLANG_WARN_UNGUARDED_AVAILABILITY = YES_AGGRESSIVE;
				CLANG_WARN_UNREACHABLE_CODE = YES;
				CLANG_WARN__DUPLICATE_METHOD_MATCH = YES;
				COPY_PHASE_STRIP = NO;
				DEBUG_INFORMATION_FORMAT = dwarf;
				ENABLE_STRICT_OBJC_MSGSEND = YES;
				ENABLE_TESTABILITY = YES;
				ENABLE_USER_SCRIPT_SANDBOXING = YES;
				GCC_C_LANGUAGE_STANDARD = gnu11;
				GCC_DYNAMIC_NO_PIC = NO;
				GCC_NO_COMMON_BLOCKS = YES;
				GCC_OPTIMIZATION_LEVEL = 0;
				GCC_PREPROCESSOR_DEFINITIONS = (
					"DEBUG=1",
					"$(inherited)",
				);
				GCC_WARN_64_TO_32_BIT_CONVERSION = YES;
				GCC_WARN_ABOUT_RETURN_TYPE = YES_ERROR;
				GCC_WARN_UNDECLARED_SELECTOR = YES;
				GCC_WARN_UNINITIALIZED_AUTOS = YES_AGGRESSIVE;
				GCC_WARN_UNUSED_FUNCTION = YES;
				GCC_WARN_UNUSED_VARIABLE = YES;
				IPHONEOS_DEPLOYMENT_TARGET = 17.0;
				MTL_ENABLE_DEBUG_INFO = INCLUDE_SOURCE;
				MTL_FAST_MATH = YES;
				ONLY_ACTIVE_ARCH = YES;
				PRODUCT_NAME = "$(TARGET_NAME)";
				SDKROOT = iphoneos;
				STRING_CATALOG_GENERATE_SYMBOLS = YES;
				SWIFT_ACTIVE_COMPILATION_CONDITIONS = DEBUG;
				SWIFT_OPTIMIZATION_LEVEL = "-Onone";
				SWIFT_VERSION = 5.0;
			};
			name = Debug;
		};
		24128AC461B9C07820F617F1 /* Release */ = {
			isa = XCBuildConfiguration;
			buildSettings = {
				ASSETCATALOG_COMPILER_APPICON_NAME = AppIcon;
				ASSETCATALOG_COMPILER_GLOBAL_ACCENT_COLOR_NAME = AccentColor;
				CLANG_ENABLE_OBJC_WEAK = NO;
				CODE_SIGN_ENTITLEMENTS = TripReel/Resources/TripReel.entitlements;
				CODE_SIGN_STYLE = Automatic;
				CURRENT_PROJECT_VERSION = 1;
				DEVELOPMENT_TEAM = GT9EAB8826;
				ENABLE_PREVIEWS = YES;
				GENERATE_INFOPLIST_FILE = NO;
				INFOPLIST_FILE = TripReel/Resources/Info.plist;
				IPHONEOS_DEPLOYMENT_TARGET = 17.0;
				LD_RUNPATH_SEARCH_PATHS = (
					"$(inherited)",
					"@executable_path/Frameworks",
				);
				MARKETING_VERSION = 1.0;
				PRODUCT_BUNDLE_IDENTIFIER = com.prakashash18.tripreel;
				PRODUCT_NAME = "$(TARGET_NAME)";
				REVENUECAT_PUBLIC_SDK_KEY = appl_kBxnvQLvhVhlIUpqMftQcWQvlvA;
				REVENUECAT_STORY_PASS_PACKAGE_ID = story_pass;
				SDKROOT = iphoneos;
				SUPPORTED_PLATFORMS = "iphoneos iphonesimulator";
				SUPPORTS_MACCATALYST = NO;
				SUPABASE_PUBLISHABLE_KEY = sb_publishable_Er7UGvVeiLvwEquYlQiLbA_O1HJtHDf;
				SUPABASE_URL = "https://fdjxxgsvtlvdcphjvcdw.supabase.co";
				SWIFT_EMIT_LOC_STRINGS = YES;
				SWIFT_VERSION = 5.0;
				TARGETED_DEVICE_FAMILY = 1;
				TRIPREEL_APP_ATTEST_ENVIRONMENT = production;
				TRIPREEL_PHOTO_ANALYSIS_ENDPOINT = "https://tripreel-visual-analysis.tripreel-prakashash18.workers.dev/v1/analyze";
				VALIDATE_PRODUCT = YES;
			};
			name = Release;
		};
		24BCE7D4AC40092C4A926E4B /* Debug */ = {
			isa = XCBuildConfiguration;
			buildSettings = {
				CLANG_ENABLE_OBJC_WEAK = NO;
				CODE_SIGN_STYLE = Automatic;
				GENERATE_INFOPLIST_FILE = YES;
				IPHONEOS_DEPLOYMENT_TARGET = 17.0;
				PRODUCT_BUNDLE_IDENTIFIER = com.tripreel.uitests;
				SDKROOT = iphoneos;
				SWIFT_VERSION = 5.0;
				TARGETED_DEVICE_FAMILY = 1;
				TEST_TARGET_NAME = TripReel;
			};
			name = Debug;
		};
		31E4E8357AE1493321B6F804 /* Debug */ = {
			isa = XCBuildConfiguration;
			buildSettings = {
				ASSETCATALOG_COMPILER_APPICON_NAME = AppIcon;
				ASSETCATALOG_COMPILER_GLOBAL_ACCENT_COLOR_NAME = AccentColor;
				CLANG_ENABLE_OBJC_WEAK = NO;
				CODE_SIGN_ENTITLEMENTS = TripReel/Resources/TripReel.entitlements;
				CODE_SIGN_STYLE = Automatic;
				CURRENT_PROJECT_VERSION = 1;
				DEVELOPMENT_TEAM = GT9EAB8826;
				ENABLE_PREVIEWS = YES;
				GENERATE_INFOPLIST_FILE = NO;
				INFOPLIST_FILE = TripReel/Resources/Info.plist;
				IPHONEOS_DEPLOYMENT_TARGET = 17.0;
				LD_RUNPATH_SEARCH_PATHS = (
					"$(inherited)",
					"@executable_path/Frameworks",
				);
				MARKETING_VERSION = 1.0;
				PRODUCT_BUNDLE_IDENTIFIER = com.prakashash18.tripreel;
				PRODUCT_NAME = "$(TARGET_NAME)";
				REVENUECAT_PUBLIC_SDK_KEY = appl_kBxnvQLvhVhlIUpqMftQcWQvlvA;
				REVENUECAT_STORY_PASS_PACKAGE_ID = story_pass;
				SDKROOT = iphoneos;
				SUPPORTED_PLATFORMS = "iphoneos iphonesimulator";
				SUPPORTS_MACCATALYST = NO;
				SUPABASE_PUBLISHABLE_KEY = sb_publishable_Er7UGvVeiLvwEquYlQiLbA_O1HJtHDf;
				SUPABASE_URL = "https://fdjxxgsvtlvdcphjvcdw.supabase.co";
				SWIFT_EMIT_LOC_STRINGS = YES;
				SWIFT_VERSION = 5.0;
				TARGETED_DEVICE_FAMILY = 1;
				TRIPREEL_APP_ATTEST_ENVIRONMENT = production;
				TRIPREEL_PHOTO_ANALYSIS_ENDPOINT = "https://tripreel-visual-analysis.tripreel-prakashash18.workers.dev/v1/analyze";
			};
			name = Debug;
		};
		70B3D9D12B35D8F9833318F6 /* Release */ = {
			isa = XCBuildConfiguration;
			buildSettings = {
				BUNDLE_LOADER = "$(TEST_HOST)";
				CLANG_ENABLE_OBJC_WEAK = NO;
				CODE_SIGN_STYLE = Automatic;
				GENERATE_INFOPLIST_FILE = YES;
				IPHONEOS_DEPLOYMENT_TARGET = 17.0;
				PRODUCT_BUNDLE_IDENTIFIER = com.tripreel.tests;
				SDKROOT = iphoneos;
				SWIFT_VERSION = 5.0;
				TARGETED_DEVICE_FAMILY = 1;
				TEST_HOST = "$(BUILT_PRODUCTS_DIR)/TripReel.app/$(BUNDLE_EXECUTABLE_FOLDER_PATH)/TripReel";
				VALIDATE_PRODUCT = YES;
			};
			name = Release;
		};
		9E0EF027BF2BF2A8F6927BCB /* Debug */ = {
			isa = XCBuildConfiguration;
			buildSettings = {
				BUNDLE_LOADER = "$(TEST_HOST)";
				CLANG_ENABLE_OBJC_WEAK = NO;
				CODE_SIGN_STYLE = Automatic;
				GENERATE_INFOPLIST_FILE = YES;
				IPHONEOS_DEPLOYMENT_TARGET = 17.0;
				PRODUCT_BUNDLE_IDENTIFIER = com.tripreel.tests;
				SDKROOT = iphoneos;
				SWIFT_VERSION = 5.0;
				TARGETED_DEVICE_FAMILY = 1;
				TEST_HOST = "$(BUILT_PRODUCTS_DIR)/TripReel.app/$(BUNDLE_EXECUTABLE_FOLDER_PATH)/TripReel";
			};
			name = Debug;
		};
		A1BD3883040E7DD39E7ADF27 /* Release */ = {
			isa = XCBuildConfiguration;
			buildSettings = {
				CLANG_ENABLE_OBJC_WEAK = NO;
				CODE_SIGN_STYLE = Automatic;
				GENERATE_INFOPLIST_FILE = YES;
				IPHONEOS_DEPLOYMENT_TARGET = 17.0;
				PRODUCT_BUNDLE_IDENTIFIER = com.tripreel.uitests;
				SDKROOT = iphoneos;
				SWIFT_VERSION = 5.0;
				TARGETED_DEVICE_FAMILY = 1;
				TEST_TARGET_NAME = TripReel;
				VALIDATE_PRODUCT = YES;
			};
			name = Release;
		};
		A69950E9A8B3EC098198ED48 /* Release */ = {
			isa = XCBuildConfiguration;
			buildSettings = {
				ALWAYS_SEARCH_USER_PATHS = NO;
				CLANG_ANALYZER_NONNULL = YES;
				CLANG_ANALYZER_NUMBER_OBJECT_CONVERSION = YES_AGGRESSIVE;
				CLANG_CXX_LANGUAGE_STANDARD = "gnu++14";
				CLANG_CXX_LIBRARY = "libc++";
				CLANG_ENABLE_MODULES = YES;
				CLANG_ENABLE_OBJC_ARC = YES;
				CLANG_ENABLE_OBJC_WEAK = YES;
				CLANG_WARN_BLOCK_CAPTURE_AUTORELEASING = YES;
				CLANG_WARN_BOOL_CONVERSION = YES;
				CLANG_WARN_COMMA = YES;
				CLANG_WARN_CONSTANT_CONVERSION = YES;
				CLANG_WARN_DEPRECATED_OBJC_IMPLEMENTATIONS = YES;
				CLANG_WARN_DIRECT_OBJC_ISA_USAGE = YES_ERROR;
				CLANG_WARN_DOCUMENTATION_COMMENTS = YES;
				CLANG_WARN_EMPTY_BODY = YES;
				CLANG_WARN_ENUM_CONVERSION = YES;
				CLANG_WARN_INFINITE_RECURSION = YES;
				CLANG_WARN_INT_CONVERSION = YES;
				CLANG_WARN_NON_LITERAL_NULL_CONVERSION = YES;
				CLANG_WARN_OBJC_IMPLICIT_RETAIN_SELF = YES;
				CLANG_WARN_OBJC_LITERAL_CONVERSION = YES;
				CLANG_WARN_OBJC_ROOT_CLASS = YES_ERROR;
				CLANG_WARN_QUOTED_INCLUDE_IN_FRAMEWORK_HEADER = YES;
				CLANG_WARN_RANGE_LOOP_ANALYSIS = YES;
				CLANG_WARN_STRICT_PROTOTYPES = YES;
				CLANG_WARN_SUSPICIOUS_MOVE = YES;
				CLANG_WARN_UNGUARDED_AVAILABILITY = YES_AGGRESSIVE;
				CLANG_WARN_UNREACHABLE_CODE = YES;
				CLANG_WARN__DUPLICATE_METHOD_MATCH = YES;
				COPY_PHASE_STRIP = NO;
				DEBUG_INFORMATION_FORMAT = "dwarf-with-dsym";
				ENABLE_NS_ASSERTIONS = NO;
				ENABLE_STRICT_OBJC_MSGSEND = YES;
				ENABLE_USER_SCRIPT_SANDBOXING = YES;
				GCC_C_LANGUAGE_STANDARD = gnu11;
				GCC_NO_COMMON_BLOCKS = YES;
				GCC_WARN_64_TO_32_BIT_CONVERSION = YES;
				GCC_WARN_ABOUT_RETURN_TYPE = YES_ERROR;
				GCC_WARN_UNDECLARED_SELECTOR = YES;
				GCC_WARN_UNINITIALIZED_AUTOS = YES_AGGRESSIVE;
				GCC_WARN_UNUSED_FUNCTION = YES;
				GCC_WARN_UNUSED_VARIABLE = YES;
				IPHONEOS_DEPLOYMENT_TARGET = 17.0;
				MTL_ENABLE_DEBUG_INFO = NO;
				MTL_FAST_MATH = YES;
				PRODUCT_NAME = "$(TARGET_NAME)";
				SDKROOT = iphoneos;
				STRING_CATALOG_GENERATE_SYMBOLS = YES;
				SWIFT_COMPILATION_MODE = wholemodule;
				SWIFT_OPTIMIZATION_LEVEL = "-O";
				SWIFT_VERSION = 5.0;
			};
			name = Release;
		};
/* End XCBuildConfiguration section */

/* Begin XCConfigurationList section */
		1273C38315241BA426DA0D0C /* Build configuration list for PBXNativeTarget "TripReelTests" */ = {
			isa = XCConfigurationList;
			buildConfigurations = (
				70B3D9D12B35D8F9833318F6 /* Release */,
				9E0EF027BF2BF2A8F6927BCB /* Debug */,
			);
			defaultConfigurationIsVisible = 0;
			defaultConfigurationName = Release;
		};
		1C5E47FB924F35D91E061851 /* Build configuration list for PBXProject "TripReel" */ = {
			isa = XCConfigurationList;
			buildConfigurations = (
				22DCE3395D494753056DF3A0 /* Debug */,
				A69950E9A8B3EC098198ED48 /* Release */,
			);
			defaultConfigurationIsVisible = 0;
			defaultConfigurationName = Release;
		};
		897F41C5BC4664485AF11771 /* Build configuration list for PBXNativeTarget "TripReelUITests" */ = {
			isa = XCConfigurationList;
			buildConfigurations = (
				A1BD3883040E7DD39E7ADF27 /* Release */,
				24BCE7D4AC40092C4A926E4B /* Debug */,
			);
			defaultConfigurationIsVisible = 0;
			defaultConfigurationName = Release;
		};
		BADB8EAD1A4D0C2BD89DB155 /* Build configuration list for PBXNativeTarget "TripReel" */ = {
			isa = XCConfigurationList;
			buildConfigurations = (
				24128AC461B9C07820F617F1 /* Release */,
				31E4E8357AE1493321B6F804 /* Debug */,
			);
			defaultConfigurationIsVisible = 0;
			defaultConfigurationName = Release;
		};
/* End XCConfigurationList section */

/* Begin XCRemoteSwiftPackageReference section */
		B4BDE843342F447500EE852D /* XCRemoteSwiftPackageReference "purchases-ios-spm" */ = {
			isa = XCRemoteSwiftPackageReference;
			repositoryURL = "https://github.com/RevenueCat/purchases-ios-spm.git";
			requirement = {
				kind = upToNextMajorVersion;
				minimumVersion = 5.43.0;
			};
		};
		D001C0010000000000000001 /* XCRemoteSwiftPackageReference "supabase-swift" */ = {
			isa = XCRemoteSwiftPackageReference;
			repositoryURL = "https://github.com/supabase/supabase-swift.git";
			requirement = {
				kind = upToNextMajorVersion;
				minimumVersion = 2.0.0;
			};
		};
/* End XCRemoteSwiftPackageReference section */

/* Begin XCSwiftPackageProductDependency section */
		4F8620EA062890F4FA07143A /* RevenueCat */ = {
			isa = XCSwiftPackageProductDependency;
			package = B4BDE843342F447500EE852D /* XCRemoteSwiftPackageReference "purchases-ios-spm" */;
			productName = RevenueCat;
		};
		D001D0010000000000000001 /* Supabase */ = {
			isa = XCSwiftPackageProductDependency;
			package = D001C0010000000000000001 /* XCRemoteSwiftPackageReference "supabase-swift" */;
			productName = Supabase;
		};
/* End XCSwiftPackageProductDependency section */
	};
	rootObject = A6AF8EF91147FB63D9898C19 /* Project object */;
}
